# This file is generated by running "yarn install" inside your project.
# Manual changes might be lost - proceed with caution!

__metadata:
  version: 6
  cacheKey: 8

"@my/log@npm:1.0.204":
  version: 1.0.204
  resolution: "@my/log@npm:1.0.204"
  checksum: abcd8095b3ad6046dc17f2a64c41fd6fba527aa35903498b771811d72fc2019c109bb9bac0566e8a7060c0b90400f605965bde77fe9c7b8dda27235815c193a4
  languageName: node
  linkType: hard

"@my/package-a@npm:1.0.204":
  version: 1.0.204
  resolution: "@my/package-a@npm:1.0.204"
  dependencies:
    "@my/log": 1.0.204
    client-only: ^0.0.1
    server-only: ^0.0.1
  checksum: 50774883a70f6e721d24f67547710cc7a3e121561bb07a90359048c4c323a25b27d61513897d2e5febf086fbe567c1c2f484a116d1a16cdb1ebafced54187a34
  languageName: node
  linkType: hard

"@my/package-b@npm:1.0.204":
  version: 1.0.204
  resolution: "@my/package-b@npm:1.0.204"
  dependencies:
    "@my/log": 1.0.204
    client-only: ^0.0.1
    server-only: ^0.0.1
  checksum: 315018a39266443c519a244184610ef0266d68be02ebc7a091fef5d83e6fd0e4ffdd818f2f90a997ff7790655e1e0e3af81c41cdecec7586b09a415cf4a40782
  languageName: node
  linkType: hard

"@my/package-trans-a@npm:1.0.204":
  version: 1.0.204
  resolution: "@my/package-trans-a@npm:1.0.204"
  dependencies:
    "@my/log": 1.0.204
    "@my/package-a": 1.0.204
  checksum: 0884948aca942564a406cc78882de329d1c3b11c144f2ea525443077ed643174aadf55e5c3dbf27916fb42ddd5d8c27d1388b2f738fccb33ce5851223f57a133
  languageName: node
  linkType: hard

"@my/package-trans-b@npm:1.0.204":
  version: 1.0.204
  resolution: "@my/package-trans-b@npm:1.0.204"
  dependencies:
    "@my/log": 1.0.204
    "@my/package-b": 1.0.204
  checksum: d12e115477645b5f52953f8cb586e1760c5bda5d4752366605e054bb8f7244c9375b53ea710940d16d509cbfc0ad26b1090841765f15328afeada60e9944b5a0
  languageName: node
  linkType: hard

"@my/vendor-deps-bundled@npm:1.0.204":
  version: 1.0.204
  resolution: "@my/vendor-deps-bundled@npm:1.0.204"
  dependencies:
    "@my/log": 1.0.204
    client-only: ^0.0.1
    my-package-a-vendored: "file:vendored/@my/package-a"
    my-package-b-vendored: "file:vendored/@my/package-b"
    server-only: ^0.0.1
  checksum: 5ac74677c7585a068459ac21618072ba517413e53124a78a8047f56c2e3949957e8898a56117cbd604f46ced77662da998431fc669c3a80c07d963116b13face
  languageName: node
  linkType: hard

"@strategy/vendor-deps-bundled@npm:latest":
  version: 1.0.204
  resolution: "@strategy/vendor-deps-bundled@npm:1.0.204"
  dependencies:
    "@my/log": 1.0.204
    "@my/vendor-deps-bundled": 1.0.204
  checksum: 956596735a13c843b50a7f0db9ef7c912e30f827d3db743646281e9f40e477b8011dc86d671a5800faac3b363b19df36f452d81e06e8bab46eb00ba4035e689e
  languageName: node
  linkType: hard

"client-only@npm:^0.0.1":
  version: 0.0.1
  resolution: "client-only@npm:0.0.1"
  checksum: 0c16bf660dadb90610553c1d8946a7fdfb81d624adea073b8440b7d795d5b5b08beb3c950c6a2cf16279365a3265158a236876d92bce16423c485c322d7dfaf8
  languageName: node
  linkType: hard

"my-package-a-vendored@file:vendored/@my/package-a::locator=%40my%2Fvendor-deps-bundled%40npm%3A1.0.204":
  version: 1.0.204
  resolution: "my-package-a-vendored@file:vendored/@my/package-a#vendored/@my/package-a::hash=253a6b&locator=%40my%2Fvendor-deps-bundled%40npm%3A1.0.204"
  dependencies:
    "@my/log": 1.0.204
    client-only: ^0.0.1
    server-only: ^0.0.1
  checksum: 5c96b3149d4919e336906816b52e35d3c376b12af857b3f817ba072ab43ac8385a6f01c240db6b3a0802647957c769db68b39da1c36f984235f44b6d5ddf5068
  languageName: node
  linkType: hard

"my-package-b-vendored@file:vendored/@my/package-b::locator=%40my%2Fvendor-deps-bundled%40npm%3A1.0.204":
  version: 1.0.204
  resolution: "my-package-b-vendored@file:vendored/@my/package-b#vendored/@my/package-b::hash=2343b8&locator=%40my%2Fvendor-deps-bundled%40npm%3A1.0.204"
  dependencies:
    "@my/log": 1.0.204
    client-only: ^0.0.1
    server-only: ^0.0.1
  checksum: 99c94657bafe2eee931e8c4fabc2f325a31f2ae9c4c4d052416c4b4c7b87bf7f38ecbd079dbb7716ee1e2482747c302c7e5a52ea60b89861979883a79f1cbd76
  languageName: node
  linkType: hard

"server-only@npm:^0.0.1":
  version: 0.0.1
  resolution: "server-only@npm:0.0.1"
  checksum: c432348956641ea3f460af8dc3765f3a1bdbcf7a1e0205b0756d868e6e6fe8934cdee6bff68401a1dd49ba4a831c75916517a877446d54b334f7de36fa273e53
  languageName: node
  linkType: hard

"test-vendor-deps-bundled-yarn-3.6.1-transitive@workspace:.":
  version: 0.0.0-use.local
  resolution: "test-vendor-deps-bundled-yarn-3.6.1-transitive@workspace:."
  dependencies:
    "@my/package-trans-a": 1.0.204
    "@my/package-trans-b": 1.0.204
    "@strategy/vendor-deps-bundled": latest
  languageName: unknown
  linkType: soft
