{
  "name": "test-vendor-deps-bundled-npm-8.19.4-transitive",
  "version": "1.0.0",
  "lockfileVersion": 2,
  "requires": true,
  "packages": {
    "": {
      "name": "test-vendor-deps-bundled-npm-8.19.4-transitive",
      "version": "1.0.0",
      "license": "ISC",
      "dependencies": {
        "@my/package-trans-a": "1.0.204",
        "@my/package-trans-b": "1.0.204",
        "@strategy/vendor-deps-bundled": "latest"
      }
    },
    "node_modules/@my/log": {
      "version": "1.0.204",
      "resolved": "http://localhost:4873/@my/log/-/log-1.0.204.tgz",
      "integrity": "sha512-Uy8ziuTsmmh7jYkBHkLJC0vbZGiByLtW0aeDKZWkF+LJxI2ngYwPMCOrDMFIC0pzwOYPWvA7RhVtDvKY3cWErA=="
    },
    "node_modules/@my/package-a": {
      "version": "1.0.204",
      "resolved": "http://localhost:4873/@my/package-a/-/package-a-1.0.204.tgz",
      "integrity": "sha512-eplECBF1RK5ikw6scqsmCpcrClWQB5BxS8U0Rw7Lj8yGafVDcJejhvoDjFxZt4ycx6JRgeuRuhcSLfNMzsZslA==",
      "dependencies": {
        "@my/log": "1.0.204",
        "client-only": "^0.0.1",
        "server-only": "^0.0.1"
      }
    },
    "node_modules/@my/package-b": {
      "version": "1.0.204",
      "resolved": "http://localhost:4873/@my/package-b/-/package-b-1.0.204.tgz",
      "integrity": "sha512-nKUUhlFrLZHwKhbTBmR84xraJcw3U5/Rn4smmNQ9hM2JnfzQCWTi2ESXhjNROzsYVeJnNzQK9xvIFHa7Ax/fSg==",
      "dependencies": {
        "@my/log": "1.0.204",
        "client-only": "^0.0.1",
        "server-only": "^0.0.1"
      }
    },
    "node_modules/@my/package-trans-a": {
      "version": "1.0.204",
      "resolved": "http://localhost:4873/@my/package-trans-a/-/package-trans-a-1.0.204.tgz",
      "integrity": "sha512-rH57sxfNeNd75KJUYh8WSAfa5XxR+G9DKMzuG6rM3Su9luTr5f1dSxkCJtj+/+BSbUvUaEd4tuG5PWyP1djdWQ==",
      "dependencies": {
        "@my/log": "1.0.204",
        "@my/package-a": "1.0.204"
      }
    },
    "node_modules/@my/package-trans-b": {
      "version": "1.0.204",
      "resolved": "http://localhost:4873/@my/package-trans-b/-/package-trans-b-1.0.204.tgz",
      "integrity": "sha512-TTWqDxos1TBayTCXHa5iZVvgPeG5twLTEUjANiM1UK8G/PFHRy0EUNzxEpfK/y6j1nat25LRpwxlzYHltWOfXw==",
      "dependencies": {
        "@my/log": "1.0.204",
        "@my/package-b": "1.0.204"
      }
    },
    "node_modules/@my/vendor-deps-bundled": {
      "version": "1.0.204",
      "resolved": "http://localhost:4873/@my/vendor-deps-bundled/-/vendor-deps-bundled-1.0.204.tgz",
      "integrity": "sha512-Mqk/tJJF1ff6Z3QWDukdzoQ6xHa1duEdAscPR+Dg+/UZEy3MeBV276TvhhYgRuHwkoOuT8agrN0TMESIaO/Wuw==",
      "bundleDependencies": [
        "my-package-a-vendored",
        "my-package-b-vendored"
      ],
      "dependencies": {
        "@my/log": "1.0.204",
        "client-only": "^0.0.1",
        "my-package-a-vendored": "file:vendored/@my/package-a",
        "my-package-b-vendored": "file:vendored/@my/package-b",
        "server-only": "^0.0.1"
      }
    },
    "node_modules/@strategy/vendor-deps-bundled": {
      "version": "1.0.204",
      "resolved": "http://localhost:4873/@strategy/vendor-deps-bundled/-/vendor-deps-bundled-1.0.204.tgz",
      "integrity": "sha512-as32IfiUR6EOUjZvP5pw5uFKwohc3idZPGFjQ4JRPExb5LJ1/TeAmyeTMeBdikOASw5YklxDj1W0ePShR/GQrQ==",
      "dependencies": {
        "@my/log": "1.0.204",
        "@my/vendor-deps-bundled": "1.0.204"
      }
    },
    "node_modules/client-only": {
      "version": "0.0.1",
      "resolved": "http://localhost:4873/client-only/-/client-only-0.0.1.tgz",
      "integrity": "sha512-IV3Ou0jSMzZrd3pZ48nLkT9DA7Ag1pnPzaiQhpW7c3RbcqqzvzzVu+L8gfqMp/8IM2MQtSiqaCxrrcfu8I8rMA=="
    },
    "node_modules/server-only": {
      "version": "0.0.1",
      "resolved": "http://localhost:4873/server-only/-/server-only-0.0.1.tgz",
      "integrity": "sha512-qepMx2JxAa5jjfzxG79yPPq+8BuFToHd1hm7kI+Z4zAq1ftQiP7HcxMhDDItrbtwVeLg/cY2JnKnrcFkmiswNA=="
    }
  },
  "dependencies": {
    "@my/log": {
      "version": "1.0.204",
      "resolved": "http://localhost:4873/@my/log/-/log-1.0.204.tgz",
      "integrity": "sha512-Uy8ziuTsmmh7jYkBHkLJC0vbZGiByLtW0aeDKZWkF+LJxI2ngYwPMCOrDMFIC0pzwOYPWvA7RhVtDvKY3cWErA=="
    },
    "@my/package-a": {
      "version": "1.0.204",
      "resolved": "http://localhost:4873/@my/package-a/-/package-a-1.0.204.tgz",
      "integrity": "sha512-eplECBF1RK5ikw6scqsmCpcrClWQB5BxS8U0Rw7Lj8yGafVDcJejhvoDjFxZt4ycx6JRgeuRuhcSLfNMzsZslA==",
      "requires": {
        "@my/log": "1.0.204",
        "client-only": "^0.0.1",
        "server-only": "^0.0.1"
      }
    },
    "@my/package-b": {
      "version": "1.0.204",
      "resolved": "http://localhost:4873/@my/package-b/-/package-b-1.0.204.tgz",
      "integrity": "sha512-nKUUhlFrLZHwKhbTBmR84xraJcw3U5/Rn4smmNQ9hM2JnfzQCWTi2ESXhjNROzsYVeJnNzQK9xvIFHa7Ax/fSg==",
      "requires": {
        "@my/log": "1.0.204",
        "client-only": "^0.0.1",
        "server-only": "^0.0.1"
      }
    },
    "@my/package-trans-a": {
      "version": "1.0.204",
      "resolved": "http://localhost:4873/@my/package-trans-a/-/package-trans-a-1.0.204.tgz",
      "integrity": "sha512-rH57sxfNeNd75KJUYh8WSAfa5XxR+G9DKMzuG6rM3Su9luTr5f1dSxkCJtj+/+BSbUvUaEd4tuG5PWyP1djdWQ==",
      "requires": {
        "@my/log": "1.0.204",
        "@my/package-a": "1.0.204"
      }
    },
    "@my/package-trans-b": {
      "version": "1.0.204",
      "resolved": "http://localhost:4873/@my/package-trans-b/-/package-trans-b-1.0.204.tgz",
      "integrity": "sha512-TTWqDxos1TBayTCXHa5iZVvgPeG5twLTEUjANiM1UK8G/PFHRy0EUNzxEpfK/y6j1nat25LRpwxlzYHltWOfXw==",
      "requires": {
        "@my/log": "1.0.204",
        "@my/package-b": "1.0.204"
      }
    },
    "@my/vendor-deps-bundled": {
      "version": "1.0.204",
      "resolved": "http://localhost:4873/@my/vendor-deps-bundled/-/vendor-deps-bundled-1.0.204.tgz",
      "integrity": "sha512-Mqk/tJJF1ff6Z3QWDukdzoQ6xHa1duEdAscPR+Dg+/UZEy3MeBV276TvhhYgRuHwkoOuT8agrN0TMESIaO/Wuw==",
      "requires": {
        "@my/log": "1.0.204",
        "client-only": "^0.0.1",
        "my-package-a-vendored": "file:vendored/@my/package-a",
        "my-package-b-vendored": "file:vendored/@my/package-b",
        "server-only": "^0.0.1"
      }
    },
    "@strategy/vendor-deps-bundled": {
      "version": "1.0.204",
      "resolved": "http://localhost:4873/@strategy/vendor-deps-bundled/-/vendor-deps-bundled-1.0.204.tgz",
      "integrity": "sha512-as32IfiUR6EOUjZvP5pw5uFKwohc3idZPGFjQ4JRPExb5LJ1/TeAmyeTMeBdikOASw5YklxDj1W0ePShR/GQrQ==",
      "requires": {
        "@my/log": "1.0.204",
        "@my/vendor-deps-bundled": "1.0.204"
      }
    },
    "client-only": {
      "version": "0.0.1",
      "resolved": "http://localhost:4873/client-only/-/client-only-0.0.1.tgz",
      "integrity": "sha512-IV3Ou0jSMzZrd3pZ48nLkT9DA7Ag1pnPzaiQhpW7c3RbcqqzvzzVu+L8gfqMp/8IM2MQtSiqaCxrrcfu8I8rMA=="
    },
    "server-only": {
      "version": "0.0.1",
      "resolved": "http://localhost:4873/server-only/-/server-only-0.0.1.tgz",
      "integrity": "sha512-qepMx2JxAa5jjfzxG79yPPq+8BuFToHd1hm7kI+Z4zAq1ftQiP7HcxMhDDItrbtwVeLg/cY2JnKnrcFkmiswNA=="
    }
  }
}
