# This file is generated by running "yarn install" inside your project.
# Manual changes might be lost - proceed with caution!

__metadata:
  version: 6
  cacheKey: 8

"@my/log@npm:1.0.175":
  version: 1.0.175
  resolution: "@my/log@npm:1.0.175"
  checksum: b08bb267d002beb03cbdecd6fcb0623fcb94040f357a45ed2ff07556f953b023be11c4b8cc1465b47c2d511dc8bc797ec51e484b9b9eabc4ea8baf36c4e344e1
  languageName: node
  linkType: hard

"@my/vendor-deps@npm:1.0.175":
  version: 1.0.175
  resolution: "@my/vendor-deps@npm:1.0.175"
  dependencies:
    "@my/log": 1.0.175
    client-only: ^0.0.1
    my-package-a-vendored: "file:vendored/@my/package-a"
    my-package-b-vendored: "file:vendored/@my/package-b"
    server-only: ^0.0.1
  checksum: aef4ab2e79ae68d6cc59b39543ad304334f28c4f01a016fe97a58b5df0de9f3e74e6f4ebbe56d3e3e49d73ab484c0740eda48d97b0aa47b800498121090945be
  languageName: node
  linkType: hard

"@strategy/vendor-deps@npm:latest":
  version: 1.0.175
  resolution: "@strategy/vendor-deps@npm:1.0.175"
  dependencies:
    "@my/log": 1.0.175
    "@my/vendor-deps": 1.0.175
  checksum: d92a66f70db0aa6e190b2257e1f219d40802c7083395ae80a7022e6868e07c4f1c299957774939e1ad8c6803cc0ba674ccc7b2875b0ec83d23d34a4fcce09874
  languageName: node
  linkType: hard

"client-only@npm:^0.0.1":
  version: 0.0.1
  resolution: "client-only@npm:0.0.1"
  checksum: 0c16bf660dadb90610553c1d8946a7fdfb81d624adea073b8440b7d795d5b5b08beb3c950c6a2cf16279365a3265158a236876d92bce16423c485c322d7dfaf8
  languageName: node
  linkType: hard

"my-package-a-vendored@file:vendored/@my/package-a::locator=%40my%2Fvendor-deps%40npm%3A1.0.175":
  version: 1.0.175
  resolution: "my-package-a-vendored@file:vendored/@my/package-a#vendored/@my/package-a::hash=231da3&locator=%40my%2Fvendor-deps%40npm%3A1.0.175"
  dependencies:
    "@my/log": 1.0.175
    client-only: ^0.0.1
    server-only: ^0.0.1
  checksum: 682d0025f7e3082ddbad4f458a2c0dba92c0d2773ff3903da0216d396e0207dc2125e7df07dca25ff630e31830621c8a8da400f8f56c759c2d3cd28195fcab0b
  languageName: node
  linkType: hard

"my-package-b-vendored@file:vendored/@my/package-b::locator=%40my%2Fvendor-deps%40npm%3A1.0.175":
  version: 1.0.175
  resolution: "my-package-b-vendored@file:vendored/@my/package-b#vendored/@my/package-b::hash=f3fc26&locator=%40my%2Fvendor-deps%40npm%3A1.0.175"
  dependencies:
    "@my/log": 1.0.175
    client-only: ^0.0.1
    server-only: ^0.0.1
  checksum: c3f58c1e2ebc7f644f59e4e8e38eebd022184efc528d28b2fc6a299640f94ecbb0bfc5d7361303a7f86cbd155a5b3ed4a65b25919f17447bc321c1539ecb48e6
  languageName: node
  linkType: hard

"server-only@npm:^0.0.1":
  version: 0.0.1
  resolution: "server-only@npm:0.0.1"
  checksum: c432348956641ea3f460af8dc3765f3a1bdbcf7a1e0205b0756d868e6e6fe8934cdee6bff68401a1dd49ba4a831c75916517a877446d54b334f7de36fa273e53
  languageName: node
  linkType: hard

"test-vendor-deps-yarn-3.6.1-no-shadow@workspace:.":
  version: 0.0.0-use.local
  resolution: "test-vendor-deps-yarn-3.6.1-no-shadow@workspace:."
  dependencies:
    "@strategy/vendor-deps": latest
  languageName: unknown
  linkType: soft
