{
  "name": "test-vend-npm-7.24.2-transitive",
  "version": "1.0.0",
  "lockfileVersion": 2,
  "requires": true,
  "packages": {
    "": {
      "name": "test-vend-npm-7.24.2-transitive",
      "version": "1.0.0",
      "license": "ISC",
      "dependencies": {
        "@my/package-trans-a": "1.0.204",
        "@my/package-trans-b": "1.0.204",
        "@strategy/vend": "latest"
      }
    },
    "node_modules/@my/log": {
      "version": "1.0.204",
      "resolved": "http://localhost:4873/@my/log/-/log-1.0.204.tgz",
      "integrity": "sha512-Uy8ziuTsmmh7jYkBHkLJC0vbZGiByLtW0aeDKZWkF+LJxI2ngYwPMCOrDMFIC0pzwOYPWvA7RhVtDvKY3cWErA=="
    },
    "node_modules/@my/package-a": {
      "version": "1.0.204",
      "resolved": "http://localhost:4873/@my/package-a/-/package-a-1.0.204.tgz",
      "integrity": "sha512-eplECBF1RK5ikw6scqsmCpcrClWQB5BxS8U0Rw7Lj8yGafVDcJejhvoDjFxZt4ycx6JRgeuRuhcSLfNMzsZslA==",
      "dependencies": {
        "@my/log": "1.0.204",
        "client-only": "^0.0.1",
        "server-only": "^0.0.1"
      }
    },
    "node_modules/@my/package-b": {
      "version": "1.0.204",
      "resolved": "http://localhost:4873/@my/package-b/-/package-b-1.0.204.tgz",
      "integrity": "sha512-nKUUhlFrLZHwKhbTBmR84xraJcw3U5/Rn4smmNQ9hM2JnfzQCWTi2ESXhjNROzsYVeJnNzQK9xvIFHa7Ax/fSg==",
      "dependencies": {
        "@my/log": "1.0.204",
        "client-only": "^0.0.1",
        "server-only": "^0.0.1"
      }
    },
    "node_modules/@my/package-trans-a": {
      "version": "1.0.204",
      "resolved": "http://localhost:4873/@my/package-trans-a/-/package-trans-a-1.0.204.tgz",
      "integrity": "sha512-rH57sxfNeNd75KJUYh8WSAfa5XxR+G9DKMzuG6rM3Su9luTr5f1dSxkCJtj+/+BSbUvUaEd4tuG5PWyP1djdWQ==",
      "dependencies": {
        "@my/log": "1.0.204",
        "@my/package-a": "1.0.204"
      }
    },
    "node_modules/@my/package-trans-b": {
      "version": "1.0.204",
      "resolved": "http://localhost:4873/@my/package-trans-b/-/package-trans-b-1.0.204.tgz",
      "integrity": "sha512-TTWqDxos1TBayTCXHa5iZVvgPeG5twLTEUjANiM1UK8G/PFHRy0EUNzxEpfK/y6j1nat25LRpwxlzYHltWOfXw==",
      "dependencies": {
        "@my/log": "1.0.204",
        "@my/package-b": "1.0.204"
      }
    },
    "node_modules/@my/vend": {
      "version": "1.0.204",
      "resolved": "http://localhost:4873/@my/vend/-/vend-1.0.204.tgz",
      "integrity": "sha512-SxiDtux8fJ//U1Ml8VriN1BstnPmYcOjlJDvU8nJCfl1ggg2rpQdJL3tXXqZ44DTRzNOgL0wXc0/7Qn4WCgAZA==",
      "dependencies": {
        "@my/log": "1.0.204",
        "@my/vend-exports": "1.0.204",
        "@my/vend-paths": "1.0.204"
      }
    },
    "node_modules/@my/vend-exports": {
      "version": "1.0.204",
      "resolved": "http://localhost:4873/@my/vend-exports/-/vend-exports-1.0.204.tgz",
      "integrity": "sha512-UJnrDynYRvchO5LgbUymOUR9ir4pi629GFqLxkUH90xdoQkLiRTgzirxBGl9s4o6F3jTvi3rAgY6oEE+CasO6w==",
      "dependencies": {
        "@my/log": "1.0.204",
        "client-only": "^0.0.1",
        "server-only": "^0.0.1"
      }
    },
    "node_modules/@my/vend-paths": {
      "version": "1.0.204",
      "resolved": "http://localhost:4873/@my/vend-paths/-/vend-paths-1.0.204.tgz",
      "integrity": "sha512-waE7CyKycLaOs+jxeFiHzGXx6OzzIs6VRVwKLELR4umU3VKVqzgaY4OMhWS6lJM0ewI6kXmVdgRXDUW6rGsDzQ==",
      "dependencies": {
        "@my/log": "1.0.204",
        "client-only": "^0.0.1",
        "server-only": "^0.0.1"
      }
    },
    "node_modules/@strategy/vend": {
      "version": "1.0.204",
      "resolved": "http://localhost:4873/@strategy/vend/-/vend-1.0.204.tgz",
      "integrity": "sha512-yiGCsa5GkvNIBXkIEtB+uU1pUDzRWBn2XDXkQbuLnbnxvtGHsLHA0BzWKOnqEZ4KCMVlUHRI4dZ3Py2fJXMezw==",
      "dependencies": {
        "@my/log": "1.0.204",
        "@my/vend": "1.0.204"
      }
    },
    "node_modules/client-only": {
      "version": "0.0.1",
      "resolved": "http://localhost:4873/client-only/-/client-only-0.0.1.tgz",
      "integrity": "sha512-IV3Ou0jSMzZrd3pZ48nLkT9DA7Ag1pnPzaiQhpW7c3RbcqqzvzzVu+L8gfqMp/8IM2MQtSiqaCxrrcfu8I8rMA=="
    },
    "node_modules/server-only": {
      "version": "0.0.1",
      "resolved": "http://localhost:4873/server-only/-/server-only-0.0.1.tgz",
      "integrity": "sha512-qepMx2JxAa5jjfzxG79yPPq+8BuFToHd1hm7kI+Z4zAq1ftQiP7HcxMhDDItrbtwVeLg/cY2JnKnrcFkmiswNA=="
    }
  },
  "dependencies": {
    "@my/log": {
      "version": "1.0.204",
      "resolved": "http://localhost:4873/@my/log/-/log-1.0.204.tgz",
      "integrity": "sha512-Uy8ziuTsmmh7jYkBHkLJC0vbZGiByLtW0aeDKZWkF+LJxI2ngYwPMCOrDMFIC0pzwOYPWvA7RhVtDvKY3cWErA=="
    },
    "@my/package-a": {
      "version": "1.0.204",
      "resolved": "http://localhost:4873/@my/package-a/-/package-a-1.0.204.tgz",
      "integrity": "sha512-eplECBF1RK5ikw6scqsmCpcrClWQB5BxS8U0Rw7Lj8yGafVDcJejhvoDjFxZt4ycx6JRgeuRuhcSLfNMzsZslA==",
      "requires": {
        "@my/log": "1.0.204",
        "client-only": "^0.0.1",
        "server-only": "^0.0.1"
      }
    },
    "@my/package-b": {
      "version": "1.0.204",
      "resolved": "http://localhost:4873/@my/package-b/-/package-b-1.0.204.tgz",
      "integrity": "sha512-nKUUhlFrLZHwKhbTBmR84xraJcw3U5/Rn4smmNQ9hM2JnfzQCWTi2ESXhjNROzsYVeJnNzQK9xvIFHa7Ax/fSg==",
      "requires": {
        "@my/log": "1.0.204",
        "client-only": "^0.0.1",
        "server-only": "^0.0.1"
      }
    },
    "@my/package-trans-a": {
      "version": "1.0.204",
      "resolved": "http://localhost:4873/@my/package-trans-a/-/package-trans-a-1.0.204.tgz",
      "integrity": "sha512-rH57sxfNeNd75KJUYh8WSAfa5XxR+G9DKMzuG6rM3Su9luTr5f1dSxkCJtj+/+BSbUvUaEd4tuG5PWyP1djdWQ==",
      "requires": {
        "@my/log": "1.0.204",
        "@my/package-a": "1.0.204"
      }
    },
    "@my/package-trans-b": {
      "version": "1.0.204",
      "resolved": "http://localhost:4873/@my/package-trans-b/-/package-trans-b-1.0.204.tgz",
      "integrity": "sha512-TTWqDxos1TBayTCXHa5iZVvgPeG5twLTEUjANiM1UK8G/PFHRy0EUNzxEpfK/y6j1nat25LRpwxlzYHltWOfXw==",
      "requires": {
        "@my/log": "1.0.204",
        "@my/package-b": "1.0.204"
      }
    },
    "@my/vend": {
      "version": "1.0.204",
      "resolved": "http://localhost:4873/@my/vend/-/vend-1.0.204.tgz",
      "integrity": "sha512-SxiDtux8fJ//U1Ml8VriN1BstnPmYcOjlJDvU8nJCfl1ggg2rpQdJL3tXXqZ44DTRzNOgL0wXc0/7Qn4WCgAZA==",
      "requires": {
        "@my/log": "1.0.204",
        "@my/vend-exports": "1.0.204",
        "@my/vend-paths": "1.0.204"
      }
    },
    "@my/vend-exports": {
      "version": "1.0.204",
      "resolved": "http://localhost:4873/@my/vend-exports/-/vend-exports-1.0.204.tgz",
      "integrity": "sha512-UJnrDynYRvchO5LgbUymOUR9ir4pi629GFqLxkUH90xdoQkLiRTgzirxBGl9s4o6F3jTvi3rAgY6oEE+CasO6w==",
      "requires": {
        "@my/log": "1.0.204",
        "client-only": "^0.0.1",
        "server-only": "^0.0.1"
      }
    },
    "@my/vend-paths": {
      "version": "1.0.204",
      "resolved": "http://localhost:4873/@my/vend-paths/-/vend-paths-1.0.204.tgz",
      "integrity": "sha512-waE7CyKycLaOs+jxeFiHzGXx6OzzIs6VRVwKLELR4umU3VKVqzgaY4OMhWS6lJM0ewI6kXmVdgRXDUW6rGsDzQ==",
      "requires": {
        "@my/log": "1.0.204",
        "client-only": "^0.0.1",
        "server-only": "^0.0.1"
      }
    },
    "@strategy/vend": {
      "version": "1.0.204",
      "resolved": "http://localhost:4873/@strategy/vend/-/vend-1.0.204.tgz",
      "integrity": "sha512-yiGCsa5GkvNIBXkIEtB+uU1pUDzRWBn2XDXkQbuLnbnxvtGHsLHA0BzWKOnqEZ4KCMVlUHRI4dZ3Py2fJXMezw==",
      "requires": {
        "@my/log": "1.0.204",
        "@my/vend": "1.0.204"
      }
    },
    "client-only": {
      "version": "0.0.1",
      "resolved": "http://localhost:4873/client-only/-/client-only-0.0.1.tgz",
      "integrity": "sha512-IV3Ou0jSMzZrd3pZ48nLkT9DA7Ag1pnPzaiQhpW7c3RbcqqzvzzVu+L8gfqMp/8IM2MQtSiqaCxrrcfu8I8rMA=="
    },
    "server-only": {
      "version": "0.0.1",
      "resolved": "http://localhost:4873/server-only/-/server-only-0.0.1.tgz",
      "integrity": "sha512-qepMx2JxAa5jjfzxG79yPPq+8BuFToHd1hm7kI+Z4zAq1ftQiP7HcxMhDDItrbtwVeLg/cY2JnKnrcFkmiswNA=="
    }
  }
}
