# THIS IS AN AUTOGENERATED FILE. DO NOT EDIT THIS FILE DIRECTLY.
# yarn lockfile v1


"@my/log@1.0.204":
  version "1.0.204"
  resolved "http://localhost:4873/@my/log/-/log-1.0.204.tgz#28777b462ee5eeda8d393d336679a80fd8393583"
  integrity sha512-Uy8ziuTsmmh7jYkBHkLJC0vbZGiByLtW0aeDKZWkF+LJxI2ngYwPMCOrDMFIC0pzwOYPWvA7RhVtDvKY3cWErA==

"@my/vendor-self-ref@1.0.204":
  version "1.0.204"
  resolved "http://localhost:4873/@my/vendor-self-ref/-/vendor-self-ref-1.0.204.tgz#cc13be66d055053c51820b004265ab3dc4f4c970"
  integrity sha512-4siln69UersBoHuQvH32h24WfR2r0WoHrzz+PU3UJMWe3B7SGCwarsKi4FSXfwAzzHf906+G6uSZ4kX0GJ9XRw==
  dependencies:
    "@my/log" "1.0.204"
    client-only "^0.0.1"
    server-only "^0.0.1"

"@strategy/vendor-self-ref@latest":
  version "1.0.204"
  resolved "http://localhost:4873/@strategy/vendor-self-ref/-/vendor-self-ref-1.0.204.tgz#e0cc3497b98c40cd6ed99dc6286b9e44666e2051"
  integrity sha512-rHHL+A/XQ5k03uL0V6blloVMJ89mdUB0wILDJtbamlTVHCgePiQVFkW5+9kK6zFYwSTzMydbUcruhwxRarECFQ==
  dependencies:
    "@my/log" "1.0.204"
    "@my/vendor-self-ref" "1.0.204"

client-only@^0.0.1:
  version "0.0.1"
  resolved "https://registry.yarnpkg.com/client-only/-/client-only-0.0.1.tgz#38bba5d403c41ab150bff64a95c85013cf73bca1"
  integrity sha512-IV3Ou0jSMzZrd3pZ48nLkT9DA7Ag1pnPzaiQhpW7c3RbcqqzvzzVu+L8gfqMp/8IM2MQtSiqaCxrrcfu8I8rMA==

server-only@^0.0.1:
  version "0.0.1"
  resolved "https://registry.yarnpkg.com/server-only/-/server-only-0.0.1.tgz#0f366bb6afb618c37c9255a314535dc412cd1c9e"
  integrity sha512-qepMx2JxAa5jjfzxG79yPPq+8BuFToHd1hm7kI+Z4zAq1ftQiP7HcxMhDDItrbtwVeLg/cY2JnKnrcFkmiswNA==
