# THIS IS AN AUTOGENERATED FILE. DO NOT EDIT THIS FILE DIRECTLY.
# yarn lockfile v1


"@my/log@1.0.204":
  version "1.0.204"
  resolved "http://localhost:4873/@my/log/-/log-1.0.204.tgz#28777b462ee5eeda8d393d336679a80fd8393583"
  integrity sha512-Uy8ziuTsmmh7jYkBHkLJC0vbZGiByLtW0aeDKZWkF+LJxI2ngYwPMCOrDMFIC0pzwOYPWvA7RhVtDvKY3cWErA==

"@my/vendor-hook@1.0.204":
  version "1.0.204"
  resolved "http://localhost:4873/@my/vendor-hook/-/vendor-hook-1.0.204.tgz#6a471f8ea9831c5e7321e8cd1a131ce6e51d7d94"
  integrity sha512-TOkyanndfaRp6xzrYs1Mr36VOBqtot+EiATOBYA4ANFlx1KTdq/7z0hv5sFlJAhLS5Yg5g/M+vj8ldcwJejg4w==
  dependencies:
    "@my/log" "1.0.204"
    client-only "^0.0.1"
    server-only "^0.0.1"

"@strategy/vendor-hook@latest":
  version "1.0.204"
  resolved "http://localhost:4873/@strategy/vendor-hook/-/vendor-hook-1.0.204.tgz#ba12e36b0492d6cefced25d8b47585d45f51cd59"
  integrity sha512-ur+NCxj+SsC+psY8YgwGKTM1UJtXACT/SgXNeCRWHL7vjERRB8z+ZQehr0B81AMAXDnz/7UtbGpI1jq07fA4ng==
  dependencies:
    "@my/log" "1.0.204"
    "@my/vendor-hook" "1.0.204"

client-only@^0.0.1:
  version "0.0.1"
  resolved "https://registry.yarnpkg.com/client-only/-/client-only-0.0.1.tgz#38bba5d403c41ab150bff64a95c85013cf73bca1"
  integrity sha512-IV3Ou0jSMzZrd3pZ48nLkT9DA7Ag1pnPzaiQhpW7c3RbcqqzvzzVu+L8gfqMp/8IM2MQtSiqaCxrrcfu8I8rMA==

server-only@^0.0.1:
  version "0.0.1"
  resolved "https://registry.yarnpkg.com/server-only/-/server-only-0.0.1.tgz#0f366bb6afb618c37c9255a314535dc412cd1c9e"
  integrity sha512-qepMx2JxAa5jjfzxG79yPPq+8BuFToHd1hm7kI+Z4zAq1ftQiP7HcxMhDDItrbtwVeLg/cY2JnKnrcFkmiswNA==
