lockfileVersion: 5.4

specifiers:
  '@my/package-trans-a': 1.0.204
  '@my/package-trans-b': 1.0.204
  '@strategy/vendor-hook': latest

dependencies:
  '@my/package-trans-a': 1.0.204
  '@my/package-trans-b': 1.0.204
  '@strategy/vendor-hook': 1.0.204

packages:

  /@my/log/1.0.204:
    resolution: {integrity: sha512-Uy8ziuTsmmh7jYkBHkLJC0vbZGiByLtW0aeDKZWkF+LJxI2ngYwPMCOrDMFIC0pzwOYPWvA7RhVtDvKY3cWErA==}
    dev: false

  /@my/package-a/1.0.204:
    resolution: {integrity: sha512-eplECBF1RK5ikw6scqsmCpcrClWQB5BxS8U0Rw7Lj8yGafVDcJejhvoDjFxZt4ycx6JRgeuRuhcSLfNMzsZslA==}
    dependencies:
      '@my/log': 1.0.204
      client-only: 0.0.1
      server-only: 0.0.1
    dev: false

  /@my/package-b/1.0.204:
    resolution: {integrity: sha512-nKUUhlFrLZHwKhbTBmR84xraJcw3U5/Rn4smmNQ9hM2JnfzQCWTi2ESXhjNROzsYVeJnNzQK9xvIFHa7Ax/fSg==}
    dependencies:
      '@my/log': 1.0.204
      client-only: 0.0.1
      server-only: 0.0.1
    dev: false

  /@my/package-trans-a/1.0.204:
    resolution: {integrity: sha512-rH57sxfNeNd75KJUYh8WSAfa5XxR+G9DKMzuG6rM3Su9luTr5f1dSxkCJtj+/+BSbUvUaEd4tuG5PWyP1djdWQ==}
    dependencies:
      '@my/log': 1.0.204
      '@my/package-a': 1.0.204
    dev: false

  /@my/package-trans-b/1.0.204:
    resolution: {integrity: sha512-TTWqDxos1TBayTCXHa5iZVvgPeG5twLTEUjANiM1UK8G/PFHRy0EUNzxEpfK/y6j1nat25LRpwxlzYHltWOfXw==}
    dependencies:
      '@my/log': 1.0.204
      '@my/package-b': 1.0.204
    dev: false

  /@my/vendor-hook/1.0.204:
    resolution: {integrity: sha512-TOkyanndfaRp6xzrYs1Mr36VOBqtot+EiATOBYA4ANFlx1KTdq/7z0hv5sFlJAhLS5Yg5g/M+vj8ldcwJejg4w==}
    dependencies:
      '@my/log': 1.0.204
      client-only: 0.0.1
      server-only: 0.0.1
    dev: false

  /@strategy/vendor-hook/1.0.204:
    resolution: {integrity: sha512-ur+NCxj+SsC+psY8YgwGKTM1UJtXACT/SgXNeCRWHL7vjERRB8z+ZQehr0B81AMAXDnz/7UtbGpI1jq07fA4ng==}
    dependencies:
      '@my/log': 1.0.204
      '@my/vendor-hook': 1.0.204
    dev: false

  /client-only/0.0.1:
    resolution: {integrity: sha512-IV3Ou0jSMzZrd3pZ48nLkT9DA7Ag1pnPzaiQhpW7c3RbcqqzvzzVu+L8gfqMp/8IM2MQtSiqaCxrrcfu8I8rMA==}
    dev: false

  /server-only/0.0.1:
    resolution: {integrity: sha512-qepMx2JxAa5jjfzxG79yPPq+8BuFToHd1hm7kI+Z4zAq1ftQiP7HcxMhDDItrbtwVeLg/cY2JnKnrcFkmiswNA==}
    dev: false
