lockfileVersion: 5.4

specifiers:
  '@strategy/vendor-hook': latest

dependencies:
  '@strategy/vendor-hook': 1.0.175

packages:

  /@my/log/1.0.175:
    resolution: {integrity: sha512-HtqI43Im3Nu/o1vThBuO9m4OvKMXZZYjwEtOi4dzftWuKnVGpe+i+joE2Q+X6sf5+chGZbFmj4r2QUSqifNM3w==}
    dev: false

  /@my/vendor-hook/1.0.175:
    resolution: {integrity: sha512-V7FfU0d51Vk6SNR0Av+4Fs8jwBkqj/Qh5CTTOFu7X0HJqW/fPf5sXSEKUrpyzDDIXxkKSFW6LcaKnpNjNiidLg==}
    dependencies:
      '@my/log': 1.0.175
      client-only: 0.0.1
      server-only: 0.0.1
    dev: false

  /@strategy/vendor-hook/1.0.175:
    resolution: {integrity: sha512-vDe/Zr+QEN5tEpKOCN7nS5kYgEK2dG0JSeHmL0JfNx6P3ulGLNv7oHFj/oPkPm4ePXGL/Z86wUv3Bd5ylrkbmg==}
    dependencies:
      '@my/log': 1.0.175
      '@my/vendor-hook': 1.0.175
    dev: false

  /client-only/0.0.1:
    resolution: {integrity: sha512-IV3Ou0jSMzZrd3pZ48nLkT9DA7Ag1pnPzaiQhpW7c3RbcqqzvzzVu+L8gfqMp/8IM2MQtSiqaCxrrcfu8I8rMA==}
    dev: false

  /server-only/0.0.1:
    resolution: {integrity: sha512-qepMx2JxAa5jjfzxG79yPPq+8BuFToHd1hm7kI+Z4zAq1ftQiP7HcxMhDDItrbtwVeLg/cY2JnKnrcFkmiswNA==}
    dev: false
