# This file is generated by running "yarn install" inside your project.
# Manual changes might be lost - proceed with caution!

__metadata:
  version: 6
  cacheKey: 8

"@my/log@npm:1.0.204":
  version: 1.0.204
  resolution: "@my/log@npm:1.0.204"
  checksum: abcd8095b3ad6046dc17f2a64c41fd6fba527aa35903498b771811d72fc2019c109bb9bac0566e8a7060c0b90400f605965bde77fe9c7b8dda27235815c193a4
  languageName: node
  linkType: hard

"@my/package-a@npm:1.0.204":
  version: 1.0.204
  resolution: "@my/package-a@npm:1.0.204"
  dependencies:
    "@my/log": 1.0.204
    client-only: ^0.0.1
    server-only: ^0.0.1
  checksum: 50774883a70f6e721d24f67547710cc7a3e121561bb07a90359048c4c323a25b27d61513897d2e5febf086fbe567c1c2f484a116d1a16cdb1ebafced54187a34
  languageName: node
  linkType: hard

"@my/package-b@npm:1.0.204":
  version: 1.0.204
  resolution: "@my/package-b@npm:1.0.204"
  dependencies:
    "@my/log": 1.0.204
    client-only: ^0.0.1
    server-only: ^0.0.1
  checksum: 315018a39266443c519a244184610ef0266d68be02ebc7a091fef5d83e6fd0e4ffdd818f2f90a997ff7790655e1e0e3af81c41cdecec7586b09a415cf4a40782
  languageName: node
  linkType: hard

"@my/vendor-deps@npm:1.0.204":
  version: 1.0.204
  resolution: "@my/vendor-deps@npm:1.0.204"
  dependencies:
    "@my/log": 1.0.204
    client-only: ^0.0.1
    my-package-a-vendored: "file:vendored/@my/package-a"
    my-package-b-vendored: "file:vendored/@my/package-b"
    server-only: ^0.0.1
  checksum: 93b8338a10a5ddde6a90dddca37d6a1455b324959ac1ca11d87ff4f8e585d5e730af3c42464129c97ad344a3d5771b2ac7cc1afc8a0b47648d9fb734e7806c96
  languageName: node
  linkType: hard

"@strategy/vendor-deps@npm:latest":
  version: 1.0.204
  resolution: "@strategy/vendor-deps@npm:1.0.204"
  dependencies:
    "@my/log": 1.0.204
    "@my/vendor-deps": 1.0.204
  checksum: 62c6e0932514d0bc87c97610601b16cd28a1abd3bc73cab110f805075156799f80d050d49c8da6a7f88120f083ff5a7285d88ef7611fe152b23695edf0304edb
  languageName: node
  linkType: hard

"client-only@npm:^0.0.1":
  version: 0.0.1
  resolution: "client-only@npm:0.0.1"
  checksum: 0c16bf660dadb90610553c1d8946a7fdfb81d624adea073b8440b7d795d5b5b08beb3c950c6a2cf16279365a3265158a236876d92bce16423c485c322d7dfaf8
  languageName: node
  linkType: hard

"my-package-a-vendored@file:vendored/@my/package-a::locator=%40my%2Fvendor-deps%40npm%3A1.0.204":
  version: 1.0.204
  resolution: "my-package-a-vendored@file:vendored/@my/package-a#vendored/@my/package-a::hash=253a6b&locator=%40my%2Fvendor-deps%40npm%3A1.0.204"
  dependencies:
    "@my/log": 1.0.204
    client-only: ^0.0.1
    server-only: ^0.0.1
  checksum: 5c96b3149d4919e336906816b52e35d3c376b12af857b3f817ba072ab43ac8385a6f01c240db6b3a0802647957c769db68b39da1c36f984235f44b6d5ddf5068
  languageName: node
  linkType: hard

"my-package-b-vendored@file:vendored/@my/package-b::locator=%40my%2Fvendor-deps%40npm%3A1.0.204":
  version: 1.0.204
  resolution: "my-package-b-vendored@file:vendored/@my/package-b#vendored/@my/package-b::hash=2343b8&locator=%40my%2Fvendor-deps%40npm%3A1.0.204"
  dependencies:
    "@my/log": 1.0.204
    client-only: ^0.0.1
    server-only: ^0.0.1
  checksum: 99c94657bafe2eee931e8c4fabc2f325a31f2ae9c4c4d052416c4b4c7b87bf7f38ecbd079dbb7716ee1e2482747c302c7e5a52ea60b89861979883a79f1cbd76
  languageName: node
  linkType: hard

"server-only@npm:^0.0.1":
  version: 0.0.1
  resolution: "server-only@npm:0.0.1"
  checksum: c432348956641ea3f460af8dc3765f3a1bdbcf7a1e0205b0756d868e6e6fe8934cdee6bff68401a1dd49ba4a831c75916517a877446d54b334f7de36fa273e53
  languageName: node
  linkType: hard

"test-vendor-deps-yarn-3.6.1-shadow@workspace:.":
  version: 0.0.0-use.local
  resolution: "test-vendor-deps-yarn-3.6.1-shadow@workspace:."
  dependencies:
    "@my/package-a": 1.0.204
    "@my/package-b": 1.0.204
    "@strategy/vendor-deps": latest
  languageName: unknown
  linkType: soft
