{
  "name": "test-optional-dependencies-npm-8.19.4",
  "version": "1.0.0",
  "lockfileVersion": 2,
  "requires": true,
  "packages": {
    "": {
      "name": "test-optional-dependencies-npm-8.19.4",
      "version": "1.0.0",
      "license": "ISC",
      "dependencies": {
        "strategy": "file:../../strategies/optional-dependencies/strategy.tgz"
      }
    },
    "node_modules/client-only": {
      "version": "0.0.1",
      "resolved": "https://registry.npmjs.org/client-only/-/client-only-0.0.1.tgz",
      "integrity": "sha512-IV3Ou0jSMzZrd3pZ48nLkT9DA7Ag1pnPzaiQhpW7c3RbcqqzvzzVu+L8gfqMp/8IM2MQtSiqaCxrrcfu8I8rMA==",
      "optional": true
    },
    "node_modules/package-to-vendor": {
      "version": "1.0.0",
      "resolved": "file:../../strategies/optional-dependencies/vendored/package-to-vendor.tgz",
      "integrity": "sha512-EiEE4ImDB7HkOX/Ag7daTOa8SqEkMPXoue08Ub5wwQBaYPVpbQ5MppvKtV5J/CwsRvQ6384058Esaw+2dVbjNg==",
      "license": "ISC",
      "optional": true,
      "dependencies": {
        "client-only": "^0.0.1",
        "server-only": "^0.0.1"
      }
    },
    "node_modules/server-only": {
      "version": "0.0.1",
      "resolved": "https://registry.npmjs.org/server-only/-/server-only-0.0.1.tgz",
      "integrity": "sha512-qepMx2JxAa5jjfzxG79yPPq+8BuFToHd1hm7kI+Z4zAq1ftQiP7HcxMhDDItrbtwVeLg/cY2JnKnrcFkmiswNA==",
      "optional": true
    },
    "node_modules/strategy": {
      "name": "dep",
      "version": "1.0.0",
      "resolved": "file:../../strategies/optional-dependencies/strategy.tgz",
      "integrity": "sha512-ghFdM0t+RAv2FfUF07Zm+746I8ZtdeTLLunsb4EjWI4XhmXSnEctjC1WQpfnuuc1Y6tqowJVgFgVID22oyVJ6g==",
      "license": "ISC",
      "optionalDependencies": {
        "package-to-vendor": "file:vendored/package-to-vendor.tgz"
      }
    }
  },
  "dependencies": {
    "client-only": {
      "version": "0.0.1",
      "resolved": "https://registry.npmjs.org/client-only/-/client-only-0.0.1.tgz",
      "integrity": "sha512-IV3Ou0jSMzZrd3pZ48nLkT9DA7Ag1pnPzaiQhpW7c3RbcqqzvzzVu+L8gfqMp/8IM2MQtSiqaCxrrcfu8I8rMA==",
      "optional": true
    },
    "package-to-vendor": {
      "version": "file:vendored/package-to-vendor.tgz",
      "integrity": "sha512-EiEE4ImDB7HkOX/Ag7daTOa8SqEkMPXoue08Ub5wwQBaYPVpbQ5MppvKtV5J/CwsRvQ6384058Esaw+2dVbjNg==",
      "optional": true,
      "requires": {
        "client-only": "^0.0.1",
        "server-only": "^0.0.1"
      }
    },
    "server-only": {
      "version": "0.0.1",
      "resolved": "https://registry.npmjs.org/server-only/-/server-only-0.0.1.tgz",
      "integrity": "sha512-qepMx2JxAa5jjfzxG79yPPq+8BuFToHd1hm7kI+Z4zAq1ftQiP7HcxMhDDItrbtwVeLg/cY2JnKnrcFkmiswNA==",
      "optional": true
    },
    "strategy": {
      "version": "file:../../strategies/optional-dependencies/strategy.tgz",
      "integrity": "sha512-ghFdM0t+RAv2FfUF07Zm+746I8ZtdeTLLunsb4EjWI4XhmXSnEctjC1WQpfnuuc1Y6tqowJVgFgVID22oyVJ6g==",
      "requires": {
        "package-to-vendor": "file:vendored/package-to-vendor.tgz"
      }
    }
  }
}
