# THIS IS AN AUTOGENERATED FILE. DO NOT EDIT THIS FILE DIRECTLY.
# yarn lockfile v1


"@my/log@1.0.175":
  version "1.0.175"
  resolved "http://localhost:4873/@my/log/-/log-1.0.175.tgz#5e7bbc08d8b018f23deb293e7d93a1db818b6a93"
  integrity sha512-HtqI43Im3Nu/o1vThBuO9m4OvKMXZZYjwEtOi4dzftWuKnVGpe+i+joE2Q+X6sf5+chGZbFmj4r2QUSqifNM3w==

"@my/vendor-hook@1.0.175":
  version "1.0.175"
  resolved "http://localhost:4873/@my/vendor-hook/-/vendor-hook-1.0.175.tgz#05c4f7025e03652db518dda715b95cf9056308de"
  integrity sha512-V7FfU0d51Vk6SNR0Av+4Fs8jwBkqj/Qh5CTTOFu7X0HJqW/fPf5sXSEKUrpyzDDIXxkKSFW6LcaKnpNjNiidLg==
  dependencies:
    "@my/log" "1.0.175"
    client-only "^0.0.1"
    server-only "^0.0.1"

"@strategy/vendor-hook@latest":
  version "1.0.175"
  resolved "http://localhost:4873/@strategy/vendor-hook/-/vendor-hook-1.0.175.tgz#81f608dd86ac921a0ba97e9aa982cd3f37742290"
  integrity sha512-vDe/Zr+QEN5tEpKOCN7nS5kYgEK2dG0JSeHmL0JfNx6P3ulGLNv7oHFj/oPkPm4ePXGL/Z86wUv3Bd5ylrkbmg==
  dependencies:
    "@my/log" "1.0.175"
    "@my/vendor-hook" "1.0.175"

client-only@^0.0.1:
  version "0.0.1"
  resolved "https://registry.yarnpkg.com/client-only/-/client-only-0.0.1.tgz#38bba5d403c41ab150bff64a95c85013cf73bca1"
  integrity sha512-IV3Ou0jSMzZrd3pZ48nLkT9DA7Ag1pnPzaiQhpW7c3RbcqqzvzzVu+L8gfqMp/8IM2MQtSiqaCxrrcfu8I8rMA==

server-only@^0.0.1:
  version "0.0.1"
  resolved "https://registry.yarnpkg.com/server-only/-/server-only-0.0.1.tgz#0f366bb6afb618c37c9255a314535dc412cd1c9e"
  integrity sha512-qepMx2JxAa5jjfzxG79yPPq+8BuFToHd1hm7kI+Z4zAq1ftQiP7HcxMhDDItrbtwVeLg/cY2JnKnrcFkmiswNA==
