lockfileVersion: '6.0'

settings:
  autoInstallPeers: true
  excludeLinksFromLockfile: false

dependencies:
  '@strategy/vendor-deps-bundled':
    specifier: latest
    version: 1.0.204

packages:

  /@my/log@1.0.204:
    resolution: {integrity: sha512-Uy8ziuTsmmh7jYkBHkLJC0vbZGiByLtW0aeDKZWkF+LJxI2ngYwPMCOrDMFIC0pzwOYPWvA7RhVtDvKY3cWErA==}
    dev: false

  /@my/vendor-deps-bundled@1.0.204:
    resolution: {integrity: sha512-Mqk/tJJF1ff6Z3QWDukdzoQ6xHa1duEdAscPR+Dg+/UZEy3MeBV276TvhhYgRuHwkoOuT8agrN0TMESIaO/Wuw==}
    dependencies:
      '@my/log': 1.0.204
      client-only: 0.0.1
      server-only: 0.0.1
    dev: false
    bundledDependencies:
      - my-package-a-vendored
      - my-package-b-vendored

  /@strategy/vendor-deps-bundled@1.0.204:
    resolution: {integrity: sha512-as32IfiUR6EOUjZvP5pw5uFKwohc3idZPGFjQ4JRPExb5LJ1/TeAmyeTMeBdikOASw5YklxDj1W0ePShR/GQrQ==}
    dependencies:
      '@my/log': 1.0.204
      '@my/vendor-deps-bundled': 1.0.204
    dev: false

  /client-only@0.0.1:
    resolution: {integrity: sha512-IV3Ou0jSMzZrd3pZ48nLkT9DA7Ag1pnPzaiQhpW7c3RbcqqzvzzVu+L8gfqMp/8IM2MQtSiqaCxrrcfu8I8rMA==}
    dev: false

  /server-only@0.0.1:
    resolution: {integrity: sha512-qepMx2JxAa5jjfzxG79yPPq+8BuFToHd1hm7kI+Z4zAq1ftQiP7HcxMhDDItrbtwVeLg/cY2JnKnrcFkmiswNA==}
    dev: false
