# This file is generated by running "yarn install" inside your project.
# Manual changes might be lost - proceed with caution!

__metadata:
  version: 6
  cacheKey: 8

"@my/log@npm:1.0.204":
  version: 1.0.204
  resolution: "@my/log@npm:1.0.204"
  checksum: abcd8095b3ad6046dc17f2a64c41fd6fba527aa35903498b771811d72fc2019c109bb9bac0566e8a7060c0b90400f605965bde77fe9c7b8dda27235815c193a4
  languageName: node
  linkType: hard

"@my/vendor-hook@npm:1.0.204":
  version: 1.0.204
  resolution: "@my/vendor-hook@npm:1.0.204"
  dependencies:
    "@my/log": 1.0.204
    client-only: ^0.0.1
    server-only: ^0.0.1
  checksum: d2ca6501d926864ac4ef01966906681ae7a141acb66ed1361cf1353e599f568cc62342ecd68d4801a2c0824d78c39509e741b78ef4d3e7e495530f4f423b1c56
  languageName: node
  linkType: hard

"@strategy/vendor-hook@npm:latest":
  version: 1.0.204
  resolution: "@strategy/vendor-hook@npm:1.0.204"
  dependencies:
    "@my/log": 1.0.204
    "@my/vendor-hook": 1.0.204
  checksum: bd139f4020bc3a055ad816e169ade96a839a8e7f526d60d3ab0ef98c0d06e34e399dbffebb4429db5abd2fbd54dae631e407e5f859e4770956b27a869668d7a6
  languageName: node
  linkType: hard

"client-only@npm:^0.0.1":
  version: 0.0.1
  resolution: "client-only@npm:0.0.1"
  checksum: 0c16bf660dadb90610553c1d8946a7fdfb81d624adea073b8440b7d795d5b5b08beb3c950c6a2cf16279365a3265158a236876d92bce16423c485c322d7dfaf8
  languageName: node
  linkType: hard

"server-only@npm:^0.0.1":
  version: 0.0.1
  resolution: "server-only@npm:0.0.1"
  checksum: c432348956641ea3f460af8dc3765f3a1bdbcf7a1e0205b0756d868e6e6fe8934cdee6bff68401a1dd49ba4a831c75916517a877446d54b334f7de36fa273e53
  languageName: node
  linkType: hard

"test-vendor-hook-yarn-3.6.1-no-shadow@workspace:.":
  version: 0.0.0-use.local
  resolution: "test-vendor-hook-yarn-3.6.1-no-shadow@workspace:."
  dependencies:
    "@strategy/vendor-hook": latest
  languageName: unknown
  linkType: soft
