lockfileVersion: '6.0'

settings:
  autoInstallPeers: true
  excludeLinksFromLockfile: false

dependencies:
  '@strategy/vendor-self-ref':
    specifier: latest
    version: 1.0.204

packages:

  /@my/log@1.0.204:
    resolution: {integrity: sha512-Uy8ziuTsmmh7jYkBHkLJC0vbZGiByLtW0aeDKZWkF+LJxI2ngYwPMCOrDMFIC0pzwOYPWvA7RhVtDvKY3cWErA==}
    dev: false

  /@my/vendor-self-ref@1.0.204:
    resolution: {integrity: sha512-4siln69UersBoHuQvH32h24WfR2r0WoHrzz+PU3UJMWe3B7SGCwarsKi4FSXfwAzzHf906+G6uSZ4kX0GJ9XRw==}
    dependencies:
      '@my/log': 1.0.204
      client-only: 0.0.1
      server-only: 0.0.1
    dev: false

  /@strategy/vendor-self-ref@1.0.204:
    resolution: {integrity: sha512-rHHL+A/XQ5k03uL0V6blloVMJ89mdUB0wILDJtbamlTVHCgePiQVFkW5+9kK6zFYwSTzMydbUcruhwxRarECFQ==}
    dependencies:
      '@my/log': 1.0.204
      '@my/vendor-self-ref': 1.0.204
    dev: false

  /client-only@0.0.1:
    resolution: {integrity: sha512-IV3Ou0jSMzZrd3pZ48nLkT9DA7Ag1pnPzaiQhpW7c3RbcqqzvzzVu+L8gfqMp/8IM2MQtSiqaCxrrcfu8I8rMA==}
    dev: false

  /server-only@0.0.1:
    resolution: {integrity: sha512-qepMx2JxAa5jjfzxG79yPPq+8BuFToHd1hm7kI+Z4zAq1ftQiP7HcxMhDDItrbtwVeLg/cY2JnKnrcFkmiswNA==}
    dev: false
