{
  "name": "test-vendor-hook-npm-8.19.4-no-shadow",
  "version": "1.0.0",
  "lockfileVersion": 2,
  "requires": true,
  "packages": {
    "": {
      "name": "test-vendor-hook-npm-8.19.4-no-shadow",
      "version": "1.0.0",
      "license": "ISC",
      "dependencies": {
        "@strategy/vendor-hook": "latest"
      }
    },
    "node_modules/@my/log": {
      "version": "1.0.204",
      "resolved": "http://localhost:4873/@my/log/-/log-1.0.204.tgz",
      "integrity": "sha512-Uy8ziuTsmmh7jYkBHkLJC0vbZGiByLtW0aeDKZWkF+LJxI2ngYwPMCOrDMFIC0pzwOYPWvA7RhVtDvKY3cWErA=="
    },
    "node_modules/@my/vendor-hook": {
      "version": "1.0.204",
      "resolved": "http://localhost:4873/@my/vendor-hook/-/vendor-hook-1.0.204.tgz",
      "integrity": "sha512-TOkyanndfaRp6xzrYs1Mr36VOBqtot+EiATOBYA4ANFlx1KTdq/7z0hv5sFlJAhLS5Yg5g/M+vj8ldcwJejg4w==",
      "dependencies": {
        "@my/log": "1.0.204",
        "client-only": "^0.0.1",
        "server-only": "^0.0.1"
      }
    },
    "node_modules/@strategy/vendor-hook": {
      "version": "1.0.204",
      "resolved": "http://localhost:4873/@strategy/vendor-hook/-/vendor-hook-1.0.204.tgz",
      "integrity": "sha512-ur+NCxj+SsC+psY8YgwGKTM1UJtXACT/SgXNeCRWHL7vjERRB8z+ZQehr0B81AMAXDnz/7UtbGpI1jq07fA4ng==",
      "dependencies": {
        "@my/log": "1.0.204",
        "@my/vendor-hook": "1.0.204"
      }
    },
    "node_modules/client-only": {
      "version": "0.0.1",
      "resolved": "http://localhost:4873/client-only/-/client-only-0.0.1.tgz",
      "integrity": "sha512-IV3Ou0jSMzZrd3pZ48nLkT9DA7Ag1pnPzaiQhpW7c3RbcqqzvzzVu+L8gfqMp/8IM2MQtSiqaCxrrcfu8I8rMA=="
    },
    "node_modules/server-only": {
      "version": "0.0.1",
      "resolved": "http://localhost:4873/server-only/-/server-only-0.0.1.tgz",
      "integrity": "sha512-qepMx2JxAa5jjfzxG79yPPq+8BuFToHd1hm7kI+Z4zAq1ftQiP7HcxMhDDItrbtwVeLg/cY2JnKnrcFkmiswNA=="
    }
  },
  "dependencies": {
    "@my/log": {
      "version": "1.0.204",
      "resolved": "http://localhost:4873/@my/log/-/log-1.0.204.tgz",
      "integrity": "sha512-Uy8ziuTsmmh7jYkBHkLJC0vbZGiByLtW0aeDKZWkF+LJxI2ngYwPMCOrDMFIC0pzwOYPWvA7RhVtDvKY3cWErA=="
    },
    "@my/vendor-hook": {
      "version": "1.0.204",
      "resolved": "http://localhost:4873/@my/vendor-hook/-/vendor-hook-1.0.204.tgz",
      "integrity": "sha512-TOkyanndfaRp6xzrYs1Mr36VOBqtot+EiATOBYA4ANFlx1KTdq/7z0hv5sFlJAhLS5Yg5g/M+vj8ldcwJejg4w==",
      "requires": {
        "@my/log": "1.0.204",
        "client-only": "^0.0.1",
        "server-only": "^0.0.1"
      }
    },
    "@strategy/vendor-hook": {
      "version": "1.0.204",
      "resolved": "http://localhost:4873/@strategy/vendor-hook/-/vendor-hook-1.0.204.tgz",
      "integrity": "sha512-ur+NCxj+SsC+psY8YgwGKTM1UJtXACT/SgXNeCRWHL7vjERRB8z+ZQehr0B81AMAXDnz/7UtbGpI1jq07fA4ng==",
      "requires": {
        "@my/log": "1.0.204",
        "@my/vendor-hook": "1.0.204"
      }
    },
    "client-only": {
      "version": "0.0.1",
      "resolved": "http://localhost:4873/client-only/-/client-only-0.0.1.tgz",
      "integrity": "sha512-IV3Ou0jSMzZrd3pZ48nLkT9DA7Ag1pnPzaiQhpW7c3RbcqqzvzzVu+L8gfqMp/8IM2MQtSiqaCxrrcfu8I8rMA=="
    },
    "server-only": {
      "version": "0.0.1",
      "resolved": "http://localhost:4873/server-only/-/server-only-0.0.1.tgz",
      "integrity": "sha512-qepMx2JxAa5jjfzxG79yPPq+8BuFToHd1hm7kI+Z4zAq1ftQiP7HcxMhDDItrbtwVeLg/cY2JnKnrcFkmiswNA=="
    }
  }
}
