lockfileVersion: '6.0'

settings:
  autoInstallPeers: true
  excludeLinksFromLockfile: false

dependencies:
  '@my/package-trans-a':
    specifier: 1.0.175
    version: 1.0.175
  '@my/package-trans-b':
    specifier: 1.0.175
    version: 1.0.175
  '@strategy/vendor-hook':
    specifier: latest
    version: 1.0.175

packages:

  /@my/log@1.0.175:
    resolution: {integrity: sha512-HtqI43Im3Nu/o1vThBuO9m4OvKMXZZYjwEtOi4dzftWuKnVGpe+i+joE2Q+X6sf5+chGZbFmj4r2QUSqifNM3w==}
    dev: false

  /@my/package-a@1.0.175:
    resolution: {integrity: sha512-+l/DSGjseH3hXawaUZ/H6OEO2jEohAIVcs2b9aUCscarmA14Hq1xPtJRhumjQ63cJwjfj8qGat5iBRDF0RPuGw==}
    dependencies:
      '@my/log': 1.0.175
      client-only: 0.0.1
      server-only: 0.0.1
    dev: false

  /@my/package-b@1.0.175:
    resolution: {integrity: sha512-WeN0+T0jHhr9amG7lv3lu46liepOWEdx5ZqD3Ca0AXN369Dyvv0lSumPheNX78Ajb8zgWlPeurbDalBIAkZC5A==}
    dependencies:
      '@my/log': 1.0.175
      client-only: 0.0.1
      server-only: 0.0.1
    dev: false

  /@my/package-trans-a@1.0.175:
    resolution: {integrity: sha512-rSf6/0O+pmh6EeDIeOboG1heolfoHmlMlfIv9g3aVLTKYYLrXlm8zdeYyVgswztm+idsuuqi5scJcX9PVxn0ig==}
    dependencies:
      '@my/log': 1.0.175
      '@my/package-a': 1.0.175
    dev: false

  /@my/package-trans-b@1.0.175:
    resolution: {integrity: sha512-YCrQkAVnZU7w1tDNWkUaHWhg46moKvp9y4ieGIfxhAu7vWK7Jyg0hT0p23O34XODen21Ms19mfSpCLWeWvqoPw==}
    dependencies:
      '@my/log': 1.0.175
      '@my/package-b': 1.0.175
    dev: false

  /@my/vendor-hook@1.0.175:
    resolution: {integrity: sha512-V7FfU0d51Vk6SNR0Av+4Fs8jwBkqj/Qh5CTTOFu7X0HJqW/fPf5sXSEKUrpyzDDIXxkKSFW6LcaKnpNjNiidLg==}
    dependencies:
      '@my/log': 1.0.175
      client-only: 0.0.1
      server-only: 0.0.1
    dev: false

  /@strategy/vendor-hook@1.0.175:
    resolution: {integrity: sha512-vDe/Zr+QEN5tEpKOCN7nS5kYgEK2dG0JSeHmL0JfNx6P3ulGLNv7oHFj/oPkPm4ePXGL/Z86wUv3Bd5ylrkbmg==}
    dependencies:
      '@my/log': 1.0.175
      '@my/vendor-hook': 1.0.175
    dev: false

  /client-only@0.0.1:
    resolution: {integrity: sha512-IV3Ou0jSMzZrd3pZ48nLkT9DA7Ag1pnPzaiQhpW7c3RbcqqzvzzVu+L8gfqMp/8IM2MQtSiqaCxrrcfu8I8rMA==}
    dev: false

  /server-only@0.0.1:
    resolution: {integrity: sha512-qepMx2JxAa5jjfzxG79yPPq+8BuFToHd1hm7kI+Z4zAq1ftQiP7HcxMhDDItrbtwVeLg/cY2JnKnrcFkmiswNA==}
    dev: false
