# THIS IS AN AUTOGENERATED FILE. DO NOT EDIT THIS FILE DIRECTLY.
# yarn lockfile v1


"@my/log@1.0.204":
  version "1.0.204"
  resolved "http://localhost:4873/@my/log/-/log-1.0.204.tgz#28777b462ee5eeda8d393d336679a80fd8393583"
  integrity sha512-Uy8ziuTsmmh7jYkBHkLJC0vbZGiByLtW0aeDKZWkF+LJxI2ngYwPMCOrDMFIC0pzwOYPWvA7RhVtDvKY3cWErA==

"@my/vend-exports@1.0.204":
  version "1.0.204"
  resolved "http://localhost:4873/@my/vend-exports/-/vend-exports-1.0.204.tgz#0ba515303e47f9a1a517d81c3e2c70e1382c5f02"
  integrity sha512-UJnrDynYRvchO5LgbUymOUR9ir4pi629GFqLxkUH90xdoQkLiRTgzirxBGl9s4o6F3jTvi3rAgY6oEE+CasO6w==
  dependencies:
    "@my/log" "1.0.204"
    client-only "^0.0.1"
    server-only "^0.0.1"

"@my/vend-paths@1.0.204":
  version "1.0.204"
  resolved "http://localhost:4873/@my/vend-paths/-/vend-paths-1.0.204.tgz#94b984fc3a7c3b1e4682e661c025031ffb98345e"
  integrity sha512-waE7CyKycLaOs+jxeFiHzGXx6OzzIs6VRVwKLELR4umU3VKVqzgaY4OMhWS6lJM0ewI6kXmVdgRXDUW6rGsDzQ==
  dependencies:
    "@my/log" "1.0.204"
    client-only "^0.0.1"
    server-only "^0.0.1"

"@my/vend@1.0.204":
  version "1.0.204"
  resolved "http://localhost:4873/@my/vend/-/vend-1.0.204.tgz#1df16aaa0ae11775ed4d51e60459c91b5941d04a"
  integrity sha512-SxiDtux8fJ//U1Ml8VriN1BstnPmYcOjlJDvU8nJCfl1ggg2rpQdJL3tXXqZ44DTRzNOgL0wXc0/7Qn4WCgAZA==
  dependencies:
    "@my/log" "1.0.204"
    "@my/vend-exports" "1.0.204"
    "@my/vend-paths" "1.0.204"

"@strategy/vend@latest":
  version "1.0.204"
  resolved "http://localhost:4873/@strategy/vend/-/vend-1.0.204.tgz#cb625c25e2ae41eb726b18f3981596c0aa91212a"
  integrity sha512-yiGCsa5GkvNIBXkIEtB+uU1pUDzRWBn2XDXkQbuLnbnxvtGHsLHA0BzWKOnqEZ4KCMVlUHRI4dZ3Py2fJXMezw==
  dependencies:
    "@my/log" "1.0.204"
    "@my/vend" "1.0.204"

client-only@^0.0.1:
  version "0.0.1"
  resolved "https://registry.yarnpkg.com/client-only/-/client-only-0.0.1.tgz#38bba5d403c41ab150bff64a95c85013cf73bca1"
  integrity sha512-IV3Ou0jSMzZrd3pZ48nLkT9DA7Ag1pnPzaiQhpW7c3RbcqqzvzzVu+L8gfqMp/8IM2MQtSiqaCxrrcfu8I8rMA==

server-only@^0.0.1:
  version "0.0.1"
  resolved "https://registry.yarnpkg.com/server-only/-/server-only-0.0.1.tgz#0f366bb6afb618c37c9255a314535dc412cd1c9e"
  integrity sha512-qepMx2JxAa5jjfzxG79yPPq+8BuFToHd1hm7kI+Z4zAq1ftQiP7HcxMhDDItrbtwVeLg/cY2JnKnrcFkmiswNA==
