# THIS IS AN AUTOGENERATED FILE. DO NOT EDIT THIS FILE DIRECTLY.
# yarn lockfile v1


"@my/log@1.0.175":
  version "1.0.175"
  resolved "http://localhost:4873/@my/log/-/log-1.0.175.tgz#5e7bbc08d8b018f23deb293e7d93a1db818b6a93"
  integrity sha512-HtqI43Im3Nu/o1vThBuO9m4OvKMXZZYjwEtOi4dzftWuKnVGpe+i+joE2Q+X6sf5+chGZbFmj4r2QUSqifNM3w==

"@my/vend-exports@1.0.175":
  version "1.0.175"
  resolved "http://localhost:4873/@my/vend-exports/-/vend-exports-1.0.175.tgz#aa0fb2cd386291a6670f1a3c06da7b6d815b669e"
  integrity sha512-ncJys1YB7yWI1Q+rzFKtD/3qAWaQX0UjZ4HdYF9XRDPqe6g4JfppKoJiHn7PV4SKFPGuSktLgEnMOCVtqGv/OQ==
  dependencies:
    "@my/log" "1.0.175"
    client-only "^0.0.1"
    server-only "^0.0.1"

"@my/vend-paths@1.0.175":
  version "1.0.175"
  resolved "http://localhost:4873/@my/vend-paths/-/vend-paths-1.0.175.tgz#ba93244985467986c6b24699e6b333de0125baf8"
  integrity sha512-uDeFTgcEo/VnpaLdrHSaLC8Pv2ZGOHEbpJP3sH29y86ECxkUEnzdzpu5RzAsKLZ/UCIxWZ6I3b4q0hDbTFjZCA==
  dependencies:
    "@my/log" "1.0.175"
    client-only "^0.0.1"
    server-only "^0.0.1"

"@my/vend@1.0.175":
  version "1.0.175"
  resolved "http://localhost:4873/@my/vend/-/vend-1.0.175.tgz#c3b776d13d89e5b24d4fe546e28f32d2a56de301"
  integrity sha512-Z1ZUAi6rNBUpCHxpJqQxu2Y2dVHq2sakHOntxf1yTKWYhDVTgUg4ktsM++n/As51Vb6E7uSmMqEIL/90GO9pwA==
  dependencies:
    "@my/log" "1.0.175"
    "@my/vend-exports" "1.0.175"
    "@my/vend-paths" "1.0.175"

"@strategy/vend@latest":
  version "1.0.175"
  resolved "http://localhost:4873/@strategy/vend/-/vend-1.0.175.tgz#ba88c019e6f0c05128048ef27d05e0f64307a29a"
  integrity sha512-2tM6s9Ewrs6r43A49gd9BwIsU7cRF/a33QdshMS8RMjIt8c/FEY+n9fOyY47EkeJRP6vIqn4E09Opz04PxgjJA==
  dependencies:
    "@my/log" "1.0.175"
    "@my/vend" "1.0.175"

client-only@^0.0.1:
  version "0.0.1"
  resolved "https://registry.yarnpkg.com/client-only/-/client-only-0.0.1.tgz#38bba5d403c41ab150bff64a95c85013cf73bca1"
  integrity sha512-IV3Ou0jSMzZrd3pZ48nLkT9DA7Ag1pnPzaiQhpW7c3RbcqqzvzzVu+L8gfqMp/8IM2MQtSiqaCxrrcfu8I8rMA==

server-only@^0.0.1:
  version "0.0.1"
  resolved "https://registry.yarnpkg.com/server-only/-/server-only-0.0.1.tgz#0f366bb6afb618c37c9255a314535dc412cd1c9e"
  integrity sha512-qepMx2JxAa5jjfzxG79yPPq+8BuFToHd1hm7kI+Z4zAq1ftQiP7HcxMhDDItrbtwVeLg/cY2JnKnrcFkmiswNA==
