{
  "name": "test-vendor-deps-npm-8.19.4-transitive",
  "version": "1.0.0",
  "lockfileVersion": 2,
  "requires": true,
  "packages": {
    "": {
      "name": "test-vendor-deps-npm-8.19.4-transitive",
      "version": "1.0.0",
      "license": "ISC",
      "dependencies": {
        "@my/package-trans-a": "1.0.175",
        "@my/package-trans-b": "1.0.175",
        "@strategy/vendor-deps": "latest"
      }
    },
    "node_modules/@my/log": {
      "version": "1.0.175",
      "resolved": "http://localhost:4873/@my/log/-/log-1.0.175.tgz",
      "integrity": "sha512-HtqI43Im3Nu/o1vThBuO9m4OvKMXZZYjwEtOi4dzftWuKnVGpe+i+joE2Q+X6sf5+chGZbFmj4r2QUSqifNM3w=="
    },
    "node_modules/@my/package-a": {
      "version": "1.0.175",
      "resolved": "http://localhost:4873/@my/package-a/-/package-a-1.0.175.tgz",
      "integrity": "sha512-+l/DSGjseH3hXawaUZ/H6OEO2jEohAIVcs2b9aUCscarmA14Hq1xPtJRhumjQ63cJwjfj8qGat5iBRDF0RPuGw==",
      "dependencies": {
        "@my/log": "1.0.175",
        "client-only": "^0.0.1",
        "server-only": "^0.0.1"
      }
    },
    "node_modules/@my/package-b": {
      "version": "1.0.175",
      "resolved": "http://localhost:4873/@my/package-b/-/package-b-1.0.175.tgz",
      "integrity": "sha512-WeN0+T0jHhr9amG7lv3lu46liepOWEdx5ZqD3Ca0AXN369Dyvv0lSumPheNX78Ajb8zgWlPeurbDalBIAkZC5A==",
      "dependencies": {
        "@my/log": "1.0.175",
        "client-only": "^0.0.1",
        "server-only": "^0.0.1"
      }
    },
    "node_modules/@my/package-trans-a": {
      "version": "1.0.175",
      "resolved": "http://localhost:4873/@my/package-trans-a/-/package-trans-a-1.0.175.tgz",
      "integrity": "sha512-rSf6/0O+pmh6EeDIeOboG1heolfoHmlMlfIv9g3aVLTKYYLrXlm8zdeYyVgswztm+idsuuqi5scJcX9PVxn0ig==",
      "dependencies": {
        "@my/log": "1.0.175",
        "@my/package-a": "1.0.175"
      }
    },
    "node_modules/@my/package-trans-b": {
      "version": "1.0.175",
      "resolved": "http://localhost:4873/@my/package-trans-b/-/package-trans-b-1.0.175.tgz",
      "integrity": "sha512-YCrQkAVnZU7w1tDNWkUaHWhg46moKvp9y4ieGIfxhAu7vWK7Jyg0hT0p23O34XODen21Ms19mfSpCLWeWvqoPw==",
      "dependencies": {
        "@my/log": "1.0.175",
        "@my/package-b": "1.0.175"
      }
    },
    "node_modules/@my/vendor-deps": {
      "version": "1.0.175",
      "resolved": "http://localhost:4873/@my/vendor-deps/-/vendor-deps-1.0.175.tgz",
      "integrity": "sha512-zwfFc4n70tEJi/jkmFE1uCEDLTbxzzYVM47KlD0pVLkGW5wZeSMLouxvZ+Lv6rV3zAVdMbXcXZ1ns/LqIstNXg==",
      "bundleDependencies": [
        "my-package-a-vendored",
        "my-package-b-vendored"
      ],
      "dependencies": {
        "@my/log": "1.0.175",
        "client-only": "^0.0.1",
        "my-package-a-vendored": "file:vendored/@my/package-a",
        "my-package-b-vendored": "file:vendored/@my/package-b",
        "server-only": "^0.0.1"
      }
    },
    "node_modules/@strategy/vendor-deps": {
      "version": "1.0.175",
      "resolved": "http://localhost:4873/@strategy/vendor-deps/-/vendor-deps-1.0.175.tgz",
      "integrity": "sha512-5tkrZ+Wv1NeMqkT5dP0MiKwkFVqSN1wtNPKWqDX6n0QSlPvFS5Xvo2VYW8MnOF8A9rvI2O/3MSA/5yup/N1cMQ==",
      "dependencies": {
        "@my/log": "1.0.175",
        "@my/vendor-deps": "1.0.175"
      }
    },
    "node_modules/client-only": {
      "version": "0.0.1",
      "resolved": "http://localhost:4873/client-only/-/client-only-0.0.1.tgz",
      "integrity": "sha512-IV3Ou0jSMzZrd3pZ48nLkT9DA7Ag1pnPzaiQhpW7c3RbcqqzvzzVu+L8gfqMp/8IM2MQtSiqaCxrrcfu8I8rMA=="
    },
    "node_modules/server-only": {
      "version": "0.0.1",
      "resolved": "http://localhost:4873/server-only/-/server-only-0.0.1.tgz",
      "integrity": "sha512-qepMx2JxAa5jjfzxG79yPPq+8BuFToHd1hm7kI+Z4zAq1ftQiP7HcxMhDDItrbtwVeLg/cY2JnKnrcFkmiswNA=="
    }
  },
  "dependencies": {
    "@my/log": {
      "version": "1.0.175",
      "resolved": "http://localhost:4873/@my/log/-/log-1.0.175.tgz",
      "integrity": "sha512-HtqI43Im3Nu/o1vThBuO9m4OvKMXZZYjwEtOi4dzftWuKnVGpe+i+joE2Q+X6sf5+chGZbFmj4r2QUSqifNM3w=="
    },
    "@my/package-a": {
      "version": "1.0.175",
      "resolved": "http://localhost:4873/@my/package-a/-/package-a-1.0.175.tgz",
      "integrity": "sha512-+l/DSGjseH3hXawaUZ/H6OEO2jEohAIVcs2b9aUCscarmA14Hq1xPtJRhumjQ63cJwjfj8qGat5iBRDF0RPuGw==",
      "requires": {
        "@my/log": "1.0.175",
        "client-only": "^0.0.1",
        "server-only": "^0.0.1"
      }
    },
    "@my/package-b": {
      "version": "1.0.175",
      "resolved": "http://localhost:4873/@my/package-b/-/package-b-1.0.175.tgz",
      "integrity": "sha512-WeN0+T0jHhr9amG7lv3lu46liepOWEdx5ZqD3Ca0AXN369Dyvv0lSumPheNX78Ajb8zgWlPeurbDalBIAkZC5A==",
      "requires": {
        "@my/log": "1.0.175",
        "client-only": "^0.0.1",
        "server-only": "^0.0.1"
      }
    },
    "@my/package-trans-a": {
      "version": "1.0.175",
      "resolved": "http://localhost:4873/@my/package-trans-a/-/package-trans-a-1.0.175.tgz",
      "integrity": "sha512-rSf6/0O+pmh6EeDIeOboG1heolfoHmlMlfIv9g3aVLTKYYLrXlm8zdeYyVgswztm+idsuuqi5scJcX9PVxn0ig==",
      "requires": {
        "@my/log": "1.0.175",
        "@my/package-a": "1.0.175"
      }
    },
    "@my/package-trans-b": {
      "version": "1.0.175",
      "resolved": "http://localhost:4873/@my/package-trans-b/-/package-trans-b-1.0.175.tgz",
      "integrity": "sha512-YCrQkAVnZU7w1tDNWkUaHWhg46moKvp9y4ieGIfxhAu7vWK7Jyg0hT0p23O34XODen21Ms19mfSpCLWeWvqoPw==",
      "requires": {
        "@my/log": "1.0.175",
        "@my/package-b": "1.0.175"
      }
    },
    "@my/vendor-deps": {
      "version": "1.0.175",
      "resolved": "http://localhost:4873/@my/vendor-deps/-/vendor-deps-1.0.175.tgz",
      "integrity": "sha512-zwfFc4n70tEJi/jkmFE1uCEDLTbxzzYVM47KlD0pVLkGW5wZeSMLouxvZ+Lv6rV3zAVdMbXcXZ1ns/LqIstNXg==",
      "requires": {
        "@my/log": "1.0.175",
        "client-only": "^0.0.1",
        "my-package-a-vendored": "file:vendored/@my/package-a",
        "my-package-b-vendored": "file:vendored/@my/package-b",
        "server-only": "^0.0.1"
      }
    },
    "@strategy/vendor-deps": {
      "version": "1.0.175",
      "resolved": "http://localhost:4873/@strategy/vendor-deps/-/vendor-deps-1.0.175.tgz",
      "integrity": "sha512-5tkrZ+Wv1NeMqkT5dP0MiKwkFVqSN1wtNPKWqDX6n0QSlPvFS5Xvo2VYW8MnOF8A9rvI2O/3MSA/5yup/N1cMQ==",
      "requires": {
        "@my/log": "1.0.175",
        "@my/vendor-deps": "1.0.175"
      }
    },
    "client-only": {
      "version": "0.0.1",
      "resolved": "http://localhost:4873/client-only/-/client-only-0.0.1.tgz",
      "integrity": "sha512-IV3Ou0jSMzZrd3pZ48nLkT9DA7Ag1pnPzaiQhpW7c3RbcqqzvzzVu+L8gfqMp/8IM2MQtSiqaCxrrcfu8I8rMA=="
    },
    "server-only": {
      "version": "0.0.1",
      "resolved": "http://localhost:4873/server-only/-/server-only-0.0.1.tgz",
      "integrity": "sha512-qepMx2JxAa5jjfzxG79yPPq+8BuFToHd1hm7kI+Z4zAq1ftQiP7HcxMhDDItrbtwVeLg/cY2JnKnrcFkmiswNA=="
    }
  }
}
