# This file is generated by running "yarn install" inside your project.
# Manual changes might be lost - proceed with caution!

__metadata:
  version: 6
  cacheKey: 8

"@my/log@npm:1.0.175":
  version: 1.0.175
  resolution: "@my/log@npm:1.0.175"
  checksum: b08bb267d002beb03cbdecd6fcb0623fcb94040f357a45ed2ff07556f953b023be11c4b8cc1465b47c2d511dc8bc797ec51e484b9b9eabc4ea8baf36c4e344e1
  languageName: node
  linkType: hard

"@my/package-a@npm:1.0.175":
  version: 1.0.175
  resolution: "@my/package-a@npm:1.0.175"
  dependencies:
    "@my/log": 1.0.175
    client-only: ^0.0.1
    server-only: ^0.0.1
  checksum: 75bd333e39776ab1007371abb04d8a7bb623a3fa21566ddc225ae0858ea3a0c81b6d8491ecfdb908d17c6a906e97c92bf001401c9bb381ca9976b8c12d6676b6
  languageName: node
  linkType: hard

"@my/package-b@npm:1.0.175":
  version: 1.0.175
  resolution: "@my/package-b@npm:1.0.175"
  dependencies:
    "@my/log": 1.0.175
    client-only: ^0.0.1
    server-only: ^0.0.1
  checksum: d56d0d9d240ca3f0ae789914a99c1fcecd0d1764fc4b05bd9d066974e8e4d718bcf2854d4ba0eb7b858b449b1c419d40fd010a16f2b1bdbad75af2a22e874014
  languageName: node
  linkType: hard

"@my/package-trans-a@npm:1.0.175":
  version: 1.0.175
  resolution: "@my/package-trans-a@npm:1.0.175"
  dependencies:
    "@my/log": 1.0.175
    "@my/package-a": 1.0.175
  checksum: 2d2b5fddf60dabcebae6468ecf658ed0746a0ecdcc2539c85311501cc82e65571641b6317b96c7cdb96006de92ee77b85cd8d07f4e32f0a461fe0dcb478d49cf
  languageName: node
  linkType: hard

"@my/package-trans-b@npm:1.0.175":
  version: 1.0.175
  resolution: "@my/package-trans-b@npm:1.0.175"
  dependencies:
    "@my/log": 1.0.175
    "@my/package-b": 1.0.175
  checksum: 45c5983e1dcfd446466a017eecbf6dfdf32f349806f78585571f2e8fa3b3763bdb522582a07c0a4db0bf27c414335a6bd2ee3c99cd34e2ec3b154785435ec6df
  languageName: node
  linkType: hard

"@my/vend-exports@npm:1.0.175":
  version: 1.0.175
  resolution: "@my/vend-exports@npm:1.0.175"
  dependencies:
    "@my/log": 1.0.175
    client-only: ^0.0.1
    server-only: ^0.0.1
  checksum: 96488b61212e9bc38748cf98e40093d2492e58c7aa812b768521ef8fecdee551de20b1be8456f17666d5ff2f0f11712e95b5bf9287e42d9e433c2793f04165e6
  languageName: node
  linkType: hard

"@my/vend-paths@npm:1.0.175":
  version: 1.0.175
  resolution: "@my/vend-paths@npm:1.0.175"
  dependencies:
    "@my/log": 1.0.175
    client-only: ^0.0.1
    server-only: ^0.0.1
  checksum: e2901244cf2ec75c2fad41182a687bf473e5bea44575d5b91a1813007722f1eff08f27654452b71a4287ad85545d8885e275893e63c08edd8a1b11115345bd3b
  languageName: node
  linkType: hard

"@my/vend@npm:1.0.175":
  version: 1.0.175
  resolution: "@my/vend@npm:1.0.175"
  dependencies:
    "@my/log": 1.0.175
    "@my/vend-exports": 1.0.175
    "@my/vend-paths": 1.0.175
  checksum: 23c1cfc90a980759ce4d258d10fb992acef6d18b1eb94b62c3b15bcc35e1f22eb0d3f9cedb37feb9cff4f1bc69bf088ab23c25bf47ea507143fc4cbfcf8f0708
  languageName: node
  linkType: hard

"@strategy/vend@npm:latest":
  version: 1.0.175
  resolution: "@strategy/vend@npm:1.0.175"
  dependencies:
    "@my/log": 1.0.175
    "@my/vend": 1.0.175
  checksum: 4b7fb742f4c8356e2b68313970bf8ed2a969ce62353473f71612f482bbe9d57afd2a1cb521bdc0eb26bd7e678bbaf017daeeb2a94c426230eed21522271eb0ed
  languageName: node
  linkType: hard

"client-only@npm:^0.0.1":
  version: 0.0.1
  resolution: "client-only@npm:0.0.1"
  checksum: 0c16bf660dadb90610553c1d8946a7fdfb81d624adea073b8440b7d795d5b5b08beb3c950c6a2cf16279365a3265158a236876d92bce16423c485c322d7dfaf8
  languageName: node
  linkType: hard

"server-only@npm:^0.0.1":
  version: 0.0.1
  resolution: "server-only@npm:0.0.1"
  checksum: c432348956641ea3f460af8dc3765f3a1bdbcf7a1e0205b0756d868e6e6fe8934cdee6bff68401a1dd49ba4a831c75916517a877446d54b334f7de36fa273e53
  languageName: node
  linkType: hard

"test-vend-yarn-3.6.1-transitive@workspace:.":
  version: 0.0.0-use.local
  resolution: "test-vend-yarn-3.6.1-transitive@workspace:."
  dependencies:
    "@my/package-trans-a": 1.0.175
    "@my/package-trans-b": 1.0.175
    "@strategy/vend": latest
  languageName: unknown
  linkType: soft
