{
  "name": "test-vendor-deps-npm-7.24.2-no-shadow",
  "version": "1.0.0",
  "lockfileVersion": 2,
  "requires": true,
  "packages": {
    "": {
      "name": "test-vendor-deps-npm-7.24.2-no-shadow",
      "version": "1.0.0",
      "license": "ISC",
      "dependencies": {
        "@strategy/vendor-deps": "latest"
      }
    },
    "node_modules/@my/log": {
      "version": "1.0.204",
      "resolved": "http://localhost:4873/@my/log/-/log-1.0.204.tgz",
      "integrity": "sha512-Uy8ziuTsmmh7jYkBHkLJC0vbZGiByLtW0aeDKZWkF+LJxI2ngYwPMCOrDMFIC0pzwOYPWvA7RhVtDvKY3cWErA=="
    },
    "node_modules/@my/vendor-deps": {
      "version": "1.0.204",
      "resolved": "http://localhost:4873/@my/vendor-deps/-/vendor-deps-1.0.204.tgz",
      "integrity": "sha512-sx1IW95h1wepnz0PRzprCumU56b4pfTICjqVqhVFpsMhHvQmPfqzYIbDyic+PQXrgl9bMVSClBQbaUeYTJ0hWg==",
      "dependencies": {
        "@my/log": "1.0.204",
        "client-only": "^0.0.1",
        "my-package-a-vendored": "file:vendored/@my/package-a",
        "my-package-b-vendored": "file:vendored/@my/package-b",
        "server-only": "^0.0.1"
      }
    },
    "node_modules/@my/vendor-deps/vendored/@my/package-a": {},
    "node_modules/@my/vendor-deps/vendored/@my/package-b": {},
    "node_modules/@strategy/vendor-deps": {
      "version": "1.0.204",
      "resolved": "http://localhost:4873/@strategy/vendor-deps/-/vendor-deps-1.0.204.tgz",
      "integrity": "sha512-KE16bIFbiAE9cXlWGfzUg10KFFyuGS2C9+4DWTrZrjczbf7NHvmCugk+8JcyCgNpaI7BoMX/vwnqmNsjilzRbw==",
      "dependencies": {
        "@my/log": "1.0.204",
        "@my/vendor-deps": "1.0.204"
      }
    },
    "node_modules/client-only": {
      "version": "0.0.1",
      "resolved": "http://localhost:4873/client-only/-/client-only-0.0.1.tgz",
      "integrity": "sha512-IV3Ou0jSMzZrd3pZ48nLkT9DA7Ag1pnPzaiQhpW7c3RbcqqzvzzVu+L8gfqMp/8IM2MQtSiqaCxrrcfu8I8rMA=="
    },
    "node_modules/my-package-a-vendored": {
      "resolved": "node_modules/@my/vendor-deps/vendored/@my/package-a",
      "link": true
    },
    "node_modules/my-package-b-vendored": {
      "resolved": "node_modules/@my/vendor-deps/vendored/@my/package-b",
      "link": true
    },
    "node_modules/server-only": {
      "version": "0.0.1",
      "resolved": "http://localhost:4873/server-only/-/server-only-0.0.1.tgz",
      "integrity": "sha512-qepMx2JxAa5jjfzxG79yPPq+8BuFToHd1hm7kI+Z4zAq1ftQiP7HcxMhDDItrbtwVeLg/cY2JnKnrcFkmiswNA=="
    }
  },
  "dependencies": {
    "@my/log": {
      "version": "1.0.204",
      "resolved": "http://localhost:4873/@my/log/-/log-1.0.204.tgz",
      "integrity": "sha512-Uy8ziuTsmmh7jYkBHkLJC0vbZGiByLtW0aeDKZWkF+LJxI2ngYwPMCOrDMFIC0pzwOYPWvA7RhVtDvKY3cWErA=="
    },
    "@my/vendor-deps": {
      "version": "1.0.204",
      "resolved": "http://localhost:4873/@my/vendor-deps/-/vendor-deps-1.0.204.tgz",
      "integrity": "sha512-sx1IW95h1wepnz0PRzprCumU56b4pfTICjqVqhVFpsMhHvQmPfqzYIbDyic+PQXrgl9bMVSClBQbaUeYTJ0hWg==",
      "requires": {
        "@my/log": "1.0.204",
        "client-only": "^0.0.1",
        "my-package-a-vendored": "file:vendored/@my/package-a",
        "my-package-b-vendored": "file:vendored/@my/package-b",
        "server-only": "^0.0.1"
      }
    },
    "@strategy/vendor-deps": {
      "version": "1.0.204",
      "resolved": "http://localhost:4873/@strategy/vendor-deps/-/vendor-deps-1.0.204.tgz",
      "integrity": "sha512-KE16bIFbiAE9cXlWGfzUg10KFFyuGS2C9+4DWTrZrjczbf7NHvmCugk+8JcyCgNpaI7BoMX/vwnqmNsjilzRbw==",
      "requires": {
        "@my/log": "1.0.204",
        "@my/vendor-deps": "1.0.204"
      }
    },
    "client-only": {
      "version": "0.0.1",
      "resolved": "http://localhost:4873/client-only/-/client-only-0.0.1.tgz",
      "integrity": "sha512-IV3Ou0jSMzZrd3pZ48nLkT9DA7Ag1pnPzaiQhpW7c3RbcqqzvzzVu+L8gfqMp/8IM2MQtSiqaCxrrcfu8I8rMA=="
    },
    "my-package-a-vendored": {
      "version": "file:node_modules/@my/vendor-deps/vendored/@my/package-a"
    },
    "my-package-b-vendored": {
      "version": "file:node_modules/@my/vendor-deps/vendored/@my/package-b"
    },
    "server-only": {
      "version": "0.0.1",
      "resolved": "http://localhost:4873/server-only/-/server-only-0.0.1.tgz",
      "integrity": "sha512-qepMx2JxAa5jjfzxG79yPPq+8BuFToHd1hm7kI+Z4zAq1ftQiP7HcxMhDDItrbtwVeLg/cY2JnKnrcFkmiswNA=="
    }
  }
}
