# THIS IS AN AUTOGENERATED FILE. DO NOT EDIT THIS FILE DIRECTLY.
# yarn lockfile v1


"@my/log@1.0.204":
  version "1.0.204"
  resolved "http://localhost:4873/@my/log/-/log-1.0.204.tgz#28777b462ee5eeda8d393d336679a80fd8393583"
  integrity sha512-Uy8ziuTsmmh7jYkBHkLJC0vbZGiByLtW0aeDKZWkF+LJxI2ngYwPMCOrDMFIC0pzwOYPWvA7RhVtDvKY3cWErA==

"@my/package-a@1.0.204":
  version "1.0.204"
  resolved "http://localhost:4873/@my/package-a/-/package-a-1.0.204.tgz#3f67f28340eaf13772141cf685ea65e30372c4b6"
  integrity sha512-eplECBF1RK5ikw6scqsmCpcrClWQB5BxS8U0Rw7Lj8yGafVDcJejhvoDjFxZt4ycx6JRgeuRuhcSLfNMzsZslA==
  dependencies:
    "@my/log" "1.0.204"
    client-only "^0.0.1"
    server-only "^0.0.1"

"@my/package-b@1.0.204":
  version "1.0.204"
  resolved "http://localhost:4873/@my/package-b/-/package-b-1.0.204.tgz#bcb9d431e04c39baac1557eeb4a6493cc674eab9"
  integrity sha512-nKUUhlFrLZHwKhbTBmR84xraJcw3U5/Rn4smmNQ9hM2JnfzQCWTi2ESXhjNROzsYVeJnNzQK9xvIFHa7Ax/fSg==
  dependencies:
    "@my/log" "1.0.204"
    client-only "^0.0.1"
    server-only "^0.0.1"

"@my/package-trans-a@1.0.204":
  version "1.0.204"
  resolved "http://localhost:4873/@my/package-trans-a/-/package-trans-a-1.0.204.tgz#be4045fc87b00ce6fee55e078535e19c5aaebc2a"
  integrity sha512-rH57sxfNeNd75KJUYh8WSAfa5XxR+G9DKMzuG6rM3Su9luTr5f1dSxkCJtj+/+BSbUvUaEd4tuG5PWyP1djdWQ==
  dependencies:
    "@my/log" "1.0.204"
    "@my/package-a" "1.0.204"

"@my/package-trans-b@1.0.204":
  version "1.0.204"
  resolved "http://localhost:4873/@my/package-trans-b/-/package-trans-b-1.0.204.tgz#0dd1d2e076d838e696e1f41a5fb18afedac3837e"
  integrity sha512-TTWqDxos1TBayTCXHa5iZVvgPeG5twLTEUjANiM1UK8G/PFHRy0EUNzxEpfK/y6j1nat25LRpwxlzYHltWOfXw==
  dependencies:
    "@my/log" "1.0.204"
    "@my/package-b" "1.0.204"

"@my/vendor-self-ref@1.0.204":
  version "1.0.204"
  resolved "http://localhost:4873/@my/vendor-self-ref/-/vendor-self-ref-1.0.204.tgz#cc13be66d055053c51820b004265ab3dc4f4c970"
  integrity sha512-4siln69UersBoHuQvH32h24WfR2r0WoHrzz+PU3UJMWe3B7SGCwarsKi4FSXfwAzzHf906+G6uSZ4kX0GJ9XRw==
  dependencies:
    "@my/log" "1.0.204"
    client-only "^0.0.1"
    server-only "^0.0.1"

"@strategy/vendor-self-ref@latest":
  version "1.0.204"
  resolved "http://localhost:4873/@strategy/vendor-self-ref/-/vendor-self-ref-1.0.204.tgz#e0cc3497b98c40cd6ed99dc6286b9e44666e2051"
  integrity sha512-rHHL+A/XQ5k03uL0V6blloVMJ89mdUB0wILDJtbamlTVHCgePiQVFkW5+9kK6zFYwSTzMydbUcruhwxRarECFQ==
  dependencies:
    "@my/log" "1.0.204"
    "@my/vendor-self-ref" "1.0.204"

client-only@^0.0.1:
  version "0.0.1"
  resolved "https://registry.yarnpkg.com/client-only/-/client-only-0.0.1.tgz#38bba5d403c41ab150bff64a95c85013cf73bca1"
  integrity sha512-IV3Ou0jSMzZrd3pZ48nLkT9DA7Ag1pnPzaiQhpW7c3RbcqqzvzzVu+L8gfqMp/8IM2MQtSiqaCxrrcfu8I8rMA==

server-only@^0.0.1:
  version "0.0.1"
  resolved "https://registry.yarnpkg.com/server-only/-/server-only-0.0.1.tgz#0f366bb6afb618c37c9255a314535dc412cd1c9e"
  integrity sha512-qepMx2JxAa5jjfzxG79yPPq+8BuFToHd1hm7kI+Z4zAq1ftQiP7HcxMhDDItrbtwVeLg/cY2JnKnrcFkmiswNA==
